// !$*UTF8*$!
{
	archiveVersion = 1;
	classes = {
	};
	objectVersion = 56;
	objects = {

/* Begin PBXBuildFile section */
		3E4A2B3429F6731300BC27CD /* DateFormat.swift in Sources */ = {isa = PBXBuildFile; fileRef = 3E4A2B3329F6731300BC27CD /* DateFormat.swift */; };
		3E697E3529EFBEF200E3ABBD /* FSCalendar in Frameworks */ = {isa = PBXBuildFile; productRef = 3E697E3429EFBEF200E3ABBD /* FSCalendar */; };
		3E697E3F29EFBF4200E3ABBD /* TodoAPIConstant.swift in Sources */ = {isa = PBXBuildFile; fileRef = 3E697E3E29EFBF4200E3ABBD /* TodoAPIConstant.swift */; };
		3E697E4129EFBF4D00E3ABBD /* UserAPIConstant.swift in Sources */ = {isa = PBXBuildFile; fileRef = 3E697E4029EFBF4D00E3ABBD /* UserAPIConstant.swift */; };
		3EC0AD3F29FF741C00D6F4D0 /* Server.swift in Sources */ = {isa = PBXBuildFile; fileRef = 3EC0AD3E29FF741C00D6F4D0 /* Server.swift */; };
		3EC0AD4229FF76F400D6F4D0 /* Alamofire in Frameworks */ = {isa = PBXBuildFile; productRef = 3EC0AD4129FF76F400D6F4D0 /* Alamofire */; };
		3EC0AD4429FF771B00D6F4D0 /* NetworkResult.swift in Sources */ = {isa = PBXBuildFile; fileRef = 3EC0AD4329FF771B00D6F4D0 /* NetworkResult.swift */; };
		3EC3379C2A250A7D0005001B /* Todo.swift in Sources */ = {isa = PBXBuildFile; fileRef = 3EC337932A250A7C0005001B /* Todo.swift */; };
		3EC3379D2A250A7D0005001B /* ResponseData.swift in Sources */ = {isa = PBXBuildFile; fileRef = 3EC337942A250A7D0005001B /* ResponseData.swift */; };
		3EC3379E2A250A7D0005001B /* Color.swift in Sources */ = {isa = PBXBuildFile; fileRef = 3EC337952A250A7D0005001B /* Color.swift */; };
		3EC3379F2A250A7D0005001B /* ResponseModel.swift in Sources */ = {isa = PBXBuildFile; fileRef = 3EC337962A250A7D0005001B /* ResponseModel.swift */; };
		3EC337A02A250A7D0005001B /* AccountModel.swift in Sources */ = {isa = PBXBuildFile; fileRef = 3EC337972A250A7D0005001B /* AccountModel.swift */; };
		3EC337A52A250B460005001B /* ToDoService.swift in Sources */ = {isa = PBXBuildFile; fileRef = 3EC337A42A250B460005001B /* ToDoService.swift */; };
		3EC337A72A250B540005001B /* AccountService.swift in Sources */ = {isa = PBXBuildFile; fileRef = 3EC337A62A250B540005001B /* AccountService.swift */; };
		3EC337A92A250B740005001B /* APIConstant.swift in Sources */ = {isa = PBXBuildFile; fileRef = 3EC337A82A250B740005001B /* APIConstant.swift */; };
		3EC337AE2A250BFA0005001B /* AppDelegate.swift in Sources */ = {isa = PBXBuildFile; fileRef = 3EC337AC2A250BFA0005001B /* AppDelegate.swift */; };
		3EC337AF2A250BFA0005001B /* SceneDelegate.swift in Sources */ = {isa = PBXBuildFile; fileRef = 3EC337AD2A250BFA0005001B /* SceneDelegate.swift */; };
		3EC337B42A250C7B0005001B /* CustomPopupView2.swift in Sources */ = {isa = PBXBuildFile; fileRef = 3EC337B12A250C7B0005001B /* CustomPopupView2.swift */; };
		3EC337B52A250C7B0005001B /* CustomTableViewCell.swift in Sources */ = {isa = PBXBuildFile; fileRef = 3EC337B22A250C7B0005001B /* CustomTableViewCell.swift */; };
		3EC337B62A250C7B0005001B /* LogoutPopupView.swift in Sources */ = {isa = PBXBuildFile; fileRef = 3EC337B32A250C7B0005001B /* LogoutPopupView.swift */; };
		3EC337C72A250D040005001B /* EnterEmailViewController.swift in Sources */ = {isa = PBXBuildFile; fileRef = 3EC337B92A250D020005001B /* EnterEmailViewController.swift */; };
		3EC337C82A250D040005001B /* FindPasswordViewController.swift in Sources */ = {isa = PBXBuildFile; fileRef = 3EC337BA2A250D020005001B /* FindPasswordViewController.swift */; };
		3EC337C92A250D040005001B /* DeleteAccountViewController.swift in Sources */ = {isa = PBXBuildFile; fileRef = 3EC337BB2A250D020005001B /* DeleteAccountViewController.swift */; };
		3EC337CA2A250D040005001B /* EditProfileViewController.swift in Sources */ = {isa = PBXBuildFile; fileRef = 3EC337BC2A250D020005001B /* EditProfileViewController.swift */; };
		3EC337CB2A250D040005001B /* EditGroupSettingViewController.swift in Sources */ = {isa = PBXBuildFile; fileRef = 3EC337BD2A250D020005001B /* EditGroupSettingViewController.swift */; };
		3EC337CD2A250D040005001B /* ChangePasswordViewController.swift in Sources */ = {isa = PBXBuildFile; fileRef = 3EC337BF2A250D030005001B /* ChangePasswordViewController.swift */; };
		3EC337CE2A250D040005001B /* GroupSettingViewController.swift in Sources */ = {isa = PBXBuildFile; fileRef = 3EC337C02A250D030005001B /* GroupSettingViewController.swift */; };
		3EC337CF2A250D040005001B /* LaunchScreenViewController.swift in Sources */ = {isa = PBXBuildFile; fileRef = 3EC337C12A250D030005001B /* LaunchScreenViewController.swift */; };
		3EC337D02A250D040005001B /* EnterProfileViewController.swift in Sources */ = {isa = PBXBuildFile; fileRef = 3EC337C22A250D030005001B /* EnterProfileViewController.swift */; };
		3EC337D12A250D040005001B /* EnterCodeViewController.swift in Sources */ = {isa = PBXBuildFile; fileRef = 3EC337C32A250D030005001B /* EnterCodeViewController.swift */; };
		3EC337D32A250D040005001B /* FinishSignUpViewController.swift in Sources */ = {isa = PBXBuildFile; fileRef = 3EC337C52A250D030005001B /* FinishSignUpViewController.swift */; };
		3EC337D42A250D040005001B /* CustomPopupView.swift in Sources */ = {isa = PBXBuildFile; fileRef = 3EC337C62A250D040005001B /* CustomPopupView.swift */; };
		3EC337D62A250D0A0005001B /* LogInViewController.swift in Sources */ = {isa = PBXBuildFile; fileRef = 3EC337D52A250D0A0005001B /* LogInViewController.swift */; };
		3EC337DC2A250D140005001B /* MyPageViewController.swift in Sources */ = {isa = PBXBuildFile; fileRef = 3EC337D72A250D130005001B /* MyPageViewController.swift */; };
		3EC337DD2A250D140005001B /* ViewController.swift in Sources */ = {isa = PBXBuildFile; fileRef = 3EC337D82A250D130005001B /* ViewController.swift */; };
		3EC337E02A250D140005001B /* MainViewController.swift in Sources */ = {isa = PBXBuildFile; fileRef = 3EC337DB2A250D140005001B /* MainViewController.swift */; };
		3EC337E52A250D220005001B /* ColorCollectionViewCell.swift in Sources */ = {isa = PBXBuildFile; fileRef = 3EC337E22A250D220005001B /* ColorCollectionViewCell.swift */; };
		3EC337E62A250D220005001B /* TodoMainViewController.swift in Sources */ = {isa = PBXBuildFile; fileRef = 3EC337E32A250D220005001B /* TodoMainViewController.swift */; };
		3EC337E72A250D220005001B /* TodoTableViewCell.swift in Sources */ = {isa = PBXBuildFile; fileRef = 3EC337E42A250D220005001B /* TodoTableViewCell.swift */; };
		3EC337ED2A250D560005001B /* LeftToRightTransition.swift in Sources */ = {isa = PBXBuildFile; fileRef = 3EC337E92A250D560005001B /* LeftToRightTransition.swift */; };
		3EC337EE2A250D560005001B /* UserSession.swift in Sources */ = {isa = PBXBuildFile; fileRef = 3EC337EA2A250D560005001B /* UserSession.swift */; };
		3EC337EF2A250D560005001B /* TokenManager.swift in Sources */ = {isa = PBXBuildFile; fileRef = 3EC337EB2A250D560005001B /* TokenManager.swift */; };
		3EC337F02A250D560005001B /* UIButton+ColorAnimation.swift in Sources */ = {isa = PBXBuildFile; fileRef = 3EC337EC2A250D560005001B /* UIButton+ColorAnimation.swift */; };
		3EC337F32A250E200005001B /* KeychainAccess in Frameworks */ = {isa = PBXBuildFile; productRef = 3EC337F22A250E200005001B /* KeychainAccess */; };
		3EC337F62A2513270005001B /* Extensions.swift in Sources */ = {isa = PBXBuildFile; fileRef = 3EC337F52A2513270005001B /* Extensions.swift */; };
		7E0BF87E29EF8221003291B9 /* SnapKit in Frameworks */ = {isa = PBXBuildFile; productRef = 7E0BF87D29EF8221003291B9 /* SnapKit */; };
		7E0ED2CB29EE87FF0097DDEF /* Assets.xcassets in Resources */ = {isa = PBXBuildFile; fileRef = 7E0ED2CA29EE87FF0097DDEF /* Assets.xcassets */; };
/* End PBXBuildFile section */

/* Begin PBXFileReference section */
		3E4A2B3329F6731300BC27CD /* DateFormat.swift */ = {isa = PBXFileReference; lastKnownFileType = sourcecode.swift; path = DateFormat.swift; sourceTree = "<group>"; };
		3E697E3E29EFBF4200E3ABBD /* TodoAPIConstant.swift */ = {isa = PBXFileReference; lastKnownFileType = sourcecode.swift; path = TodoAPIConstant.swift; sourceTree = "<group>"; };
		3E697E4029EFBF4D00E3ABBD /* UserAPIConstant.swift */ = {isa = PBXFileReference; lastKnownFileType = sourcecode.swift; path = UserAPIConstant.swift; sourceTree = "<group>"; };
		3EC0AD3E29FF741C00D6F4D0 /* Server.swift */ = {isa = PBXFileReference; lastKnownFileType = sourcecode.swift; path = Server.swift; sourceTree = "<group>"; };
		3EC0AD4329FF771B00D6F4D0 /* NetworkResult.swift */ = {isa = PBXFileReference; lastKnownFileType = sourcecode.swift; path = NetworkResult.swift; sourceTree = "<group>"; };
		3EC337932A250A7C0005001B /* Todo.swift */ = {isa = PBXFileReference; fileEncoding = 4; lastKnownFileType = sourcecode.swift; name = Todo.swift; path = "../../../lotus-ios-2/TODORI/Model/Todo.swift"; sourceTree = "<group>"; };
		3EC337942A250A7D0005001B /* ResponseData.swift */ = {isa = PBXFileReference; fileEncoding = 4; lastKnownFileType = sourcecode.swift; name = ResponseData.swift; path = "../../../lotus-ios-2/TODORI/Model/ResponseData.swift"; sourceTree = "<group>"; };
		3EC337952A250A7D0005001B /* Color.swift */ = {isa = PBXFileReference; fileEncoding = 4; lastKnownFileType = sourcecode.swift; name = Color.swift; path = "../../../lotus-ios-2/TODORI/Model/Color.swift"; sourceTree = "<group>"; };
		3EC337962A250A7D0005001B /* ResponseModel.swift */ = {isa = PBXFileReference; fileEncoding = 4; lastKnownFileType = sourcecode.swift; path = ResponseModel.swift; sourceTree = "<group>"; };
		3EC337972A250A7D0005001B /* AccountModel.swift */ = {isa = PBXFileReference; fileEncoding = 4; lastKnownFileType = sourcecode.swift; path = AccountModel.swift; sourceTree = "<group>"; };
		3EC337A42A250B460005001B /* ToDoService.swift */ = {isa = PBXFileReference; fileEncoding = 4; lastKnownFileType = sourcecode.swift; path = ToDoService.swift; sourceTree = "<group>"; };
		3EC337A62A250B540005001B /* AccountService.swift */ = {isa = PBXFileReference; fileEncoding = 4; lastKnownFileType = sourcecode.swift; path = AccountService.swift; sourceTree = "<group>"; };
		3EC337A82A250B740005001B /* APIConstant.swift */ = {isa = PBXFileReference; fileEncoding = 4; lastKnownFileType = sourcecode.swift; path = APIConstant.swift; sourceTree = "<group>"; };
		3EC337AC2A250BFA0005001B /* AppDelegate.swift */ = {isa = PBXFileReference; fileEncoding = 4; lastKnownFileType = sourcecode.swift; name = AppDelegate.swift; path = "../../../lotus-ios-2/TODORI/Support/AppDelegate.swift"; sourceTree = "<group>"; };
		3EC337AD2A250BFA0005001B /* SceneDelegate.swift */ = {isa = PBXFileReference; fileEncoding = 4; lastKnownFileType = sourcecode.swift; name = SceneDelegate.swift; path = "../../../lotus-ios-2/TODORI/Support/SceneDelegate.swift"; sourceTree = "<group>"; };
		3EC337B12A250C7B0005001B /* CustomPopupView2.swift */ = {isa = PBXFileReference; fileEncoding = 4; lastKnownFileType = sourcecode.swift; path = CustomPopupView2.swift; sourceTree = "<group>"; };
		3EC337B22A250C7B0005001B /* CustomTableViewCell.swift */ = {isa = PBXFileReference; fileEncoding = 4; lastKnownFileType = sourcecode.swift; path = CustomTableViewCell.swift; sourceTree = "<group>"; };
		3EC337B32A250C7B0005001B /* LogoutPopupView.swift */ = {isa = PBXFileReference; fileEncoding = 4; lastKnownFileType = sourcecode.swift; path = LogoutPopupView.swift; sourceTree = "<group>"; };
		3EC337B92A250D020005001B /* EnterEmailViewController.swift */ = {isa = PBXFileReference; fileEncoding = 4; lastKnownFileType = sourcecode.swift; path = EnterEmailViewController.swift; sourceTree = "<group>"; };
		3EC337BA2A250D020005001B /* FindPasswordViewController.swift */ = {isa = PBXFileReference; fileEncoding = 4; lastKnownFileType = sourcecode.swift; path = FindPasswordViewController.swift; sourceTree = "<group>"; };
		3EC337BB2A250D020005001B /* DeleteAccountViewController.swift */ = {isa = PBXFileReference; fileEncoding = 4; lastKnownFileType = sourcecode.swift; path = DeleteAccountViewController.swift; sourceTree = "<group>"; };
		3EC337BC2A250D020005001B /* EditProfileViewController.swift */ = {isa = PBXFileReference; fileEncoding = 4; lastKnownFileType = sourcecode.swift; path = EditProfileViewController.swift; sourceTree = "<group>"; };
		3EC337BD2A250D020005001B /* EditGroupSettingViewController.swift */ = {isa = PBXFileReference; fileEncoding = 4; lastKnownFileType = sourcecode.swift; path = EditGroupSettingViewController.swift; sourceTree = "<group>"; };
		3EC337BF2A250D030005001B /* ChangePasswordViewController.swift */ = {isa = PBXFileReference; fileEncoding = 4; lastKnownFileType = sourcecode.swift; path = ChangePasswordViewController.swift; sourceTree = "<group>"; };
		3EC337C02A250D030005001B /* GroupSettingViewController.swift */ = {isa = PBXFileReference; fileEncoding = 4; lastKnownFileType = sourcecode.swift; path = GroupSettingViewController.swift; sourceTree = "<group>"; };
		3EC337C12A250D030005001B /* LaunchScreenViewController.swift */ = {isa = PBXFileReference; fileEncoding = 4; lastKnownFileType = sourcecode.swift; path = LaunchScreenViewController.swift; sourceTree = "<group>"; };
		3EC337C22A250D030005001B /* EnterProfileViewController.swift */ = {isa = PBXFileReference; fileEncoding = 4; lastKnownFileType = sourcecode.swift; path = EnterProfileViewController.swift; sourceTree = "<group>"; };
		3EC337C32A250D030005001B /* EnterCodeViewController.swift */ = {isa = PBXFileReference; fileEncoding = 4; lastKnownFileType = sourcecode.swift; path = EnterCodeViewController.swift; sourceTree = "<group>"; };
		3EC337C52A250D030005001B /* FinishSignUpViewController.swift */ = {isa = PBXFileReference; fileEncoding = 4; lastKnownFileType = sourcecode.swift; path = FinishSignUpViewController.swift; sourceTree = "<group>"; };
		3EC337C62A250D040005001B /* CustomPopupView.swift */ = {isa = PBXFileReference; fileEncoding = 4; lastKnownFileType = sourcecode.swift; path = CustomPopupView.swift; sourceTree = "<group>"; };
		3EC337D52A250D0A0005001B /* LogInViewController.swift */ = {isa = PBXFileReference; fileEncoding = 4; lastKnownFileType = sourcecode.swift; path = LogInViewController.swift; sourceTree = "<group>"; };
		3EC337D72A250D130005001B /* MyPageViewController.swift */ = {isa = PBXFileReference; fileEncoding = 4; lastKnownFileType = sourcecode.swift; path = MyPageViewController.swift; sourceTree = "<group>"; };
		3EC337D82A250D130005001B /* ViewController.swift */ = {isa = PBXFileReference; fileEncoding = 4; lastKnownFileType = sourcecode.swift; path = ViewController.swift; sourceTree = "<group>"; };
		3EC337DB2A250D140005001B /* MainViewController.swift */ = {isa = PBXFileReference; fileEncoding = 4; lastKnownFileType = sourcecode.swift; path = MainViewController.swift; sourceTree = "<group>"; };
		3EC337E22A250D220005001B /* ColorCollectionViewCell.swift */ = {isa = PBXFileReference; fileEncoding = 4; lastKnownFileType = sourcecode.swift; path = ColorCollectionViewCell.swift; sourceTree = "<group>"; };
		3EC337E32A250D220005001B /* TodoMainViewController.swift */ = {isa = PBXFileReference; fileEncoding = 4; lastKnownFileType = sourcecode.swift; path = TodoMainViewController.swift; sourceTree = "<group>"; };
		3EC337E42A250D220005001B /* TodoTableViewCell.swift */ = {isa = PBXFileReference; fileEncoding = 4; lastKnownFileType = sourcecode.swift; path = TodoTableViewCell.swift; sourceTree = "<group>"; };
		3EC337E92A250D560005001B /* LeftToRightTransition.swift */ = {isa = PBXFileReference; fileEncoding = 4; lastKnownFileType = sourcecode.swift; path = LeftToRightTransition.swift; sourceTree = "<group>"; };
		3EC337EA2A250D560005001B /* UserSession.swift */ = {isa = PBXFileReference; fileEncoding = 4; lastKnownFileType = sourcecode.swift; path = UserSession.swift; sourceTree = "<group>"; };
		3EC337EB2A250D560005001B /* TokenManager.swift */ = {isa = PBXFileReference; fileEncoding = 4; lastKnownFileType = sourcecode.swift; path = TokenManager.swift; sourceTree = "<group>"; };
		3EC337EC2A250D560005001B /* UIButton+ColorAnimation.swift */ = {isa = PBXFileReference; fileEncoding = 4; lastKnownFileType = sourcecode.swift; path = "UIButton+ColorAnimation.swift"; sourceTree = "<group>"; };
		3EC337F52A2513270005001B /* Extensions.swift */ = {isa = PBXFileReference; fileEncoding = 4; lastKnownFileType = sourcecode.swift; path = Extensions.swift; sourceTree = "<group>"; };
		7E0ED2BE29EE87FF0097DDEF /* TODORI.app */ = {isa = PBXFileReference; explicitFileType = wrapper.application; includeInIndex = 0; path = TODORI.app; sourceTree = BUILT_PRODUCTS_DIR; };
		7E0ED2CA29EE87FF0097DDEF /* Assets.xcassets */ = {isa = PBXFileReference; lastKnownFileType = folder.assetcatalog; path = Assets.xcassets; sourceTree = "<group>"; };
		7E0ED2CF29EE87FF0097DDEF /* Info.plist */ = {isa = PBXFileReference; lastKnownFileType = text.plist.xml; path = Info.plist; sourceTree = "<group>"; };
/* End PBXFileReference section */

/* Begin PBXFrameworksBuildPhase section */
		7E0ED2BB29EE87FF0097DDEF /* Frameworks */ = {
			isa = PBXFrameworksBuildPhase;
			buildActionMask = 2147483647;
			files = (
				3EC337F32A250E200005001B /* KeychainAccess in Frameworks */,
				3EC0AD4229FF76F400D6F4D0 /* Alamofire in Frameworks */,
				7E0BF87E29EF8221003291B9 /* SnapKit in Frameworks */,
				3E697E3529EFBEF200E3ABBD /* FSCalendar in Frameworks */,
			);
			runOnlyForDeploymentPostprocessing = 0;
		};
/* End PBXFrameworksBuildPhase section */

/* Begin PBXGroup section */
		3E697E3629EFBEFE00E3ABBD /* Model */ = {
			isa = PBXGroup;
			children = (
				3EC337972A250A7D0005001B /* AccountModel.swift */,
				3EC337952A250A7D0005001B /* Color.swift */,
				3EC337942A250A7D0005001B /* ResponseData.swift */,
				3EC337962A250A7D0005001B /* ResponseModel.swift */,
				3EC337932A250A7C0005001B /* Todo.swift */,
				3E4A2B3329F6731300BC27CD /* DateFormat.swift */,
			);
			path = Model;
			sourceTree = "<group>";
		};
		3E697E3D29EFBF2D00E3ABBD /* Network */ = {
			isa = PBXGroup;
			children = (
				3EC337A82A250B740005001B /* APIConstant.swift */,
				3EC337A62A250B540005001B /* AccountService.swift */,
				3EC337A42A250B460005001B /* ToDoService.swift */,
				3EC0AD4329FF771B00D6F4D0 /* NetworkResult.swift */,
				3EC0AD3E29FF741C00D6F4D0 /* Server.swift */,
				3E697E3E29EFBF4200E3ABBD /* TodoAPIConstant.swift */,
				3E697E4029EFBF4D00E3ABBD /* UserAPIConstant.swift */,
			);
			path = Network;
			sourceTree = "<group>";
		};
		3EC337B02A250C710005001B /* View */ = {
			isa = PBXGroup;
			children = (
				3EC337B12A250C7B0005001B /* CustomPopupView2.swift */,
				3EC337B22A250C7B0005001B /* CustomTableViewCell.swift */,
				3EC337B32A250C7B0005001B /* LogoutPopupView.swift */,
			);
			path = View;
			sourceTree = "<group>";
		};
		3EC337B82A250CE00005001B /* ViewController */ = {
			isa = PBXGroup;
			children = (
				3EC337E12A250D170005001B /* Main */,
				3EC337DB2A250D140005001B /* MainViewController.swift */,
				3EC337D72A250D130005001B /* MyPageViewController.swift */,
				3EC337D82A250D130005001B /* ViewController.swift */,
				3EC337D52A250D0A0005001B /* LogInViewController.swift */,
				3EC337BF2A250D030005001B /* ChangePasswordViewController.swift */,
				3EC337C62A250D040005001B /* CustomPopupView.swift */,
				3EC337BB2A250D020005001B /* DeleteAccountViewController.swift */,
				3EC337BD2A250D020005001B /* EditGroupSettingViewController.swift */,
				3EC337BC2A250D020005001B /* EditProfileViewController.swift */,
				3EC337C32A250D030005001B /* EnterCodeViewController.swift */,
				3EC337B92A250D020005001B /* EnterEmailViewController.swift */,
				3EC337C22A250D030005001B /* EnterProfileViewController.swift */,
				3EC337BA2A250D020005001B /* FindPasswordViewController.swift */,
				3EC337C52A250D030005001B /* FinishSignUpViewController.swift */,
				3EC337C02A250D030005001B /* GroupSettingViewController.swift */,
				3EC337C12A250D030005001B /* LaunchScreenViewController.swift */,
			);
			path = ViewController;
			sourceTree = "<group>";
		};
		3EC337E12A250D170005001B /* Main */ = {
			isa = PBXGroup;
			children = (
				3EC337E22A250D220005001B /* ColorCollectionViewCell.swift */,
				3EC337E32A250D220005001B /* TodoMainViewController.swift */,
				3EC337E42A250D220005001B /* TodoTableViewCell.swift */,
			);
			path = Main;
			sourceTree = "<group>";
		};
		3EC337E82A250D4A0005001B /* Utility */ = {
			isa = PBXGroup;
			children = (
				3EC337E92A250D560005001B /* LeftToRightTransition.swift */,
				3EC337EB2A250D560005001B /* TokenManager.swift */,
				3EC337EC2A250D560005001B /* UIButton+ColorAnimation.swift */,
				3EC337EA2A250D560005001B /* UserSession.swift */,
			);
			path = Utility;
			sourceTree = "<group>";
		};
		3EC337F42A2513160005001B /* Extension */ = {
			isa = PBXGroup;
			children = (
				3EC337F52A2513270005001B /* Extensions.swift */,
			);
			path = Extension;
			sourceTree = "<group>";
		};
		7E0ED2B529EE87FF0097DDEF = {
			isa = PBXGroup;
			children = (
				7E0ED2C029EE87FF0097DDEF /* TODORI */,
				7E0ED2BF29EE87FF0097DDEF /* Products */,
				7EE627F229EF7E20000C8C46 /* Frameworks */,
			);
			sourceTree = "<group>";
		};
		7E0ED2BF29EE87FF0097DDEF /* Products */ = {
			isa = PBXGroup;
			children = (
				7E0ED2BE29EE87FF0097DDEF /* TODORI.app */,
			);
			name = Products;
			sourceTree = "<group>";
		};
		7E0ED2C029EE87FF0097DDEF /* TODORI */ = {
			isa = PBXGroup;
			children = (
				3EC337F42A2513160005001B /* Extension */,
				3EC337E82A250D4A0005001B /* Utility */,
				3EC337B82A250CE00005001B /* ViewController */,
				3EC337B02A250C710005001B /* View */,
				3E697E3D29EFBF2D00E3ABBD /* Network */,
				3E697E3629EFBEFE00E3ABBD /* Model */,
				7E0ED2DC29EE8AE10097DDEF /* Support */,
				7E0ED2CF29EE87FF0097DDEF /* Info.plist */,
			);
			path = TODORI;
			sourceTree = "<group>";
		};
		7E0ED2DC29EE8AE10097DDEF /* Support */ = {
			isa = PBXGroup;
			children = (
				3EC337AC2A250BFA0005001B /* AppDelegate.swift */,
				3EC337AD2A250BFA0005001B /* SceneDelegate.swift */,
				7E0ED2CA29EE87FF0097DDEF /* Assets.xcassets */,
			);
			path = Support;
			sourceTree = "<group>";
		};
		7EE627F229EF7E20000C8C46 /* Frameworks */ = {
			isa = PBXGroup;
			children = (
			);
			name = Frameworks;
			sourceTree = "<group>";
		};
/* End PBXGroup section */

/* Begin PBXNativeTarget section */
		7E0ED2BD29EE87FF0097DDEF /* TODORI */ = {
			isa = PBXNativeTarget;
			buildConfigurationList = 7E0ED2D229EE87FF0097DDEF /* Build configuration list for PBXNativeTarget "TODORI" */;
			buildPhases = (
				7E0ED2BA29EE87FF0097DDEF /* Sources */,
				7E0ED2BB29EE87FF0097DDEF /* Frameworks */,
				7E0ED2BC29EE87FF0097DDEF /* Resources */,
			);
			buildRules = (
			);
			dependencies = (
			);
			name = TODORI;
			packageProductDependencies = (
				7E0BF87D29EF8221003291B9 /* SnapKit */,
				3E697E3429EFBEF200E3ABBD /* FSCalendar */,
				3EC0AD4129FF76F400D6F4D0 /* Alamofire */,
				3EC337F22A250E200005001B /* KeychainAccess */,
			);
			productName = TODORI;
			productReference = 7E0ED2BE29EE87FF0097DDEF /* TODORI.app */;
			productType = "com.apple.product-type.application";
		};
/* End PBXNativeTarget section */

/* Begin PBXProject section */
		7E0ED2B629EE87FF0097DDEF /* Project object */ = {
			isa = PBXProject;
			attributes = {
				BuildIndependentTargetsInParallel = 1;
				LastSwiftUpdateCheck = 1420;
				LastUpgradeCheck = 1420;
				TargetAttributes = {
					7E0ED2BD29EE87FF0097DDEF = {
						CreatedOnToolsVersion = 14.2;
					};
				};
			};
			buildConfigurationList = 7E0ED2B929EE87FF0097DDEF /* Build configuration list for PBXProject "TODORI" */;
			compatibilityVersion = "Xcode 14.0";
			developmentRegion = en;
			hasScannedForEncodings = 0;
			knownRegions = (
				en,
				Base,
			);
			mainGroup = 7E0ED2B529EE87FF0097DDEF;
			packageReferences = (
				7EE627F329EF8157000C8C46 /* XCRemoteSwiftPackageReference "SnapKit" */,
				3E697E3329EFBEF200E3ABBD /* XCRemoteSwiftPackageReference "FSCalendar" */,
				3EC0AD4029FF76F400D6F4D0 /* XCRemoteSwiftPackageReference "Alamofire" */,
				3EC337F12A250E200005001B /* XCRemoteSwiftPackageReference "KeychainAccess" */,
			);
			productRefGroup = 7E0ED2BF29EE87FF0097DDEF /* Products */;
			projectDirPath = "";
			projectRoot = "";
			targets = (
				7E0ED2BD29EE87FF0097DDEF /* TODORI */,
			);
		};
/* End PBXProject section */

/* Begin PBXResourcesBuildPhase section */
		7E0ED2BC29EE87FF0097DDEF /* Resources */ = {
			isa = PBXResourcesBuildPhase;
			buildActionMask = 2147483647;
			files = (
				7E0ED2CB29EE87FF0097DDEF /* Assets.xcassets in Resources */,
			);
			runOnlyForDeploymentPostprocessing = 0;
		};
/* End PBXResourcesBuildPhase section */

/* Begin PBXSourcesBuildPhase section */
		7E0ED2BA29EE87FF0097DDEF /* Sources */ = {
			isa = PBXSourcesBuildPhase;
			buildActionMask = 2147483647;
			files = (
				3EC337CA2A250D040005001B /* EditProfileViewController.swift in Sources */,
				3EC337F02A250D560005001B /* UIButton+ColorAnimation.swift in Sources */,
				3E697E4129EFBF4D00E3ABBD /* UserAPIConstant.swift in Sources */,
				3EC337D62A250D0A0005001B /* LogInViewController.swift in Sources */,
				3EC337CE2A250D040005001B /* GroupSettingViewController.swift in Sources */,
				3EC3379E2A250A7D0005001B /* Color.swift in Sources */,
				3EC337E02A250D140005001B /* MainViewController.swift in Sources */,
				3EC337C72A250D040005001B /* EnterEmailViewController.swift in Sources */,
				3EC337ED2A250D560005001B /* LeftToRightTransition.swift in Sources */,
				3E4A2B3429F6731300BC27CD /* DateFormat.swift in Sources */,
				3EC337AE2A250BFA0005001B /* AppDelegate.swift in Sources */,
				3EC337CF2A250D040005001B /* LaunchScreenViewController.swift in Sources */,
				3EC337A72A250B540005001B /* AccountService.swift in Sources */,
				3EC337F62A2513270005001B /* Extensions.swift in Sources */,
				3EC337EE2A250D560005001B /* UserSession.swift in Sources */,
				3EC337B62A250C7B0005001B /* LogoutPopupView.swift in Sources */,
				3EC337CB2A250D040005001B /* EditGroupSettingViewController.swift in Sources */,
				3EC3379D2A250A7D0005001B /* ResponseData.swift in Sources */,
				3EC337C92A250D040005001B /* DeleteAccountViewController.swift in Sources */,
				3EC337A92A250B740005001B /* APIConstant.swift in Sources */,
				3EC337D32A250D040005001B /* FinishSignUpViewController.swift in Sources */,
				3EC337D12A250D040005001B /* EnterCodeViewController.swift in Sources */,
				3EC337AF2A250BFA0005001B /* SceneDelegate.swift in Sources */,
				3EC3379C2A250A7D0005001B /* Todo.swift in Sources */,
				3EC337B52A250C7B0005001B /* CustomTableViewCell.swift in Sources */,
				3EC0AD4429FF771B00D6F4D0 /* NetworkResult.swift in Sources */,
				3EC337E62A250D220005001B /* TodoMainViewController.swift in Sources */,
				3EC0AD3F29FF741C00D6F4D0 /* Server.swift in Sources */,
				3EC337CD2A250D040005001B /* ChangePasswordViewController.swift in Sources */,
				3EC337E52A250D220005001B /* ColorCollectionViewCell.swift in Sources */,
				3EC337DD2A250D140005001B /* ViewController.swift in Sources */,
				3E697E3F29EFBF4200E3ABBD /* TodoAPIConstant.swift in Sources */,
				3EC337EF2A250D560005001B /* TokenManager.swift in Sources */,
				3EC337A02A250A7D0005001B /* AccountModel.swift in Sources */,
				3EC337E72A250D220005001B /* TodoTableViewCell.swift in Sources */,
				3EC337DC2A250D140005001B /* MyPageViewController.swift in Sources */,
				3EC337D42A250D040005001B /* CustomPopupView.swift in Sources */,
				3EC337C82A250D040005001B /* FindPasswordViewController.swift in Sources */,
				3EC337B42A250C7B0005001B /* CustomPopupView2.swift in Sources */,
				3EC337A52A250B460005001B /* ToDoService.swift in Sources */,
				3EC337D02A250D040005001B /* EnterProfileViewController.swift in Sources */,
				3EC3379F2A250A7D0005001B /* ResponseModel.swift in Sources */,
			);
			runOnlyForDeploymentPostprocessing = 0;
		};
/* End PBXSourcesBuildPhase section */

/* Begin XCBuildConfiguration section */
		7E0ED2D029EE87FF0097DDEF /* Debug */ = {
			isa = XCBuildConfiguration;
			buildSettings = {
				ALWAYS_SEARCH_USER_PATHS = NO;
				CLANG_ANALYZER_NONNULL = YES;
				CLANG_ANALYZER_NUMBER_OBJECT_CONVERSION = YES_AGGRESSIVE;
				CLANG_CXX_LANGUAGE_STANDARD = "gnu++20";
				CLANG_ENABLE_MODULES = YES;
				CLANG_ENABLE_OBJC_ARC = YES;
				CLANG_ENABLE_OBJC_WEAK = YES;
				CLANG_WARN_BLOCK_CAPTURE_AUTORELEASING = YES;
				CLANG_WARN_BOOL_CONVERSION = YES;
				CLANG_WARN_COMMA = YES;
				CLANG_WARN_CONSTANT_CONVERSION = YES;
				CLANG_WARN_DEPRECATED_OBJC_IMPLEMENTATIONS = YES;
				CLANG_WARN_DIRECT_OBJC_ISA_USAGE = YES_ERROR;
				CLANG_WARN_DOCUMENTATION_COMMENTS = YES;
				CLANG_WARN_EMPTY_BODY = YES;
				CLANG_WARN_ENUM_CONVERSION = YES;
				CLANG_WARN_INFINITE_RECURSION = YES;
				CLANG_WARN_INT_CONVERSION = YES;
				CLANG_WARN_NON_LITERAL_NULL_CONVERSION = YES;
				CLANG_WARN_OBJC_IMPLICIT_RETAIN_SELF = YES;
				CLANG_WARN_OBJC_LITERAL_CONVERSION = YES;
				CLANG_WARN_OBJC_ROOT_CLASS = YES_ERROR;
				CLANG_WARN_QUOTED_INCLUDE_IN_FRAMEWORK_HEADER = YES;
				CLANG_WARN_RANGE_LOOP_ANALYSIS = YES;
				CLANG_WARN_STRICT_PROTOTYPES = YES;
				CLANG_WARN_SUSPICIOUS_MOVE = YES;
				CLANG_WARN_UNGUARDED_AVAILABILITY = YES_AGGRESSIVE;
				CLANG_WARN_UNREACHABLE_CODE = YES;
				CLANG_WARN__DUPLICATE_METHOD_MATCH = YES;
				COPY_PHASE_STRIP = NO;
				DEBUG_INFORMATION_FORMAT = dwarf;
				ENABLE_STRICT_OBJC_MSGSEND = YES;
				ENABLE_TESTABILITY = YES;
				GCC_C_LANGUAGE_STANDARD = gnu11;
				GCC_DYNAMIC_NO_PIC = NO;
				GCC_NO_COMMON_BLOCKS = YES;
				GCC_OPTIMIZATION_LEVEL = 0;
				GCC_PREPROCESSOR_DEFINITIONS = (
					"DEBUG=1",
					"$(inherited)",
				);
				GCC_WARN_64_TO_32_BIT_CONVERSION = YES;
				GCC_WARN_ABOUT_RETURN_TYPE = YES_ERROR;
				GCC_WARN_UNDECLARED_SELECTOR = YES;
				GCC_WARN_UNINITIALIZED_AUTOS = YES_AGGRESSIVE;
				GCC_WARN_UNUSED_FUNCTION = YES;
				GCC_WARN_UNUSED_VARIABLE = YES;
				IPHONEOS_DEPLOYMENT_TARGET = 16.2;
				MTL_ENABLE_DEBUG_INFO = INCLUDE_SOURCE;
				MTL_FAST_MATH = YES;
				ONLY_ACTIVE_ARCH = YES;
				SDKROOT = iphoneos;
				SWIFT_ACTIVE_COMPILATION_CONDITIONS = DEBUG;
				SWIFT_OPTIMIZATION_LEVEL = "-Onone";
			};
			name = Debug;
		};
		7E0ED2D129EE87FF0097DDEF /* Release */ = {
			isa = XCBuildConfiguration;
			buildSettings = {
				ALWAYS_SEARCH_USER_PATHS = NO;
				CLANG_ANALYZER_NONNULL = YES;
				CLANG_ANALYZER_NUMBER_OBJECT_CONVERSION = YES_AGGRESSIVE;
				CLANG_CXX_LANGUAGE_STANDARD = "gnu++20";
				CLANG_ENABLE_MODULES = YES;
				CLANG_ENABLE_OBJC_ARC = YES;
				CLANG_ENABLE_OBJC_WEAK = YES;
				CLANG_WARN_BLOCK_CAPTURE_AUTORELEASING = YES;
				CLANG_WARN_BOOL_CONVERSION = YES;
				CLANG_WARN_COMMA = YES;
				CLANG_WARN_CONSTANT_CONVERSION = YES;
				CLANG_WARN_DEPRECATED_OBJC_IMPLEMENTATIONS = YES;
				CLANG_WARN_DIRECT_OBJC_ISA_USAGE = YES_ERROR;
				CLANG_WARN_DOCUMENTATION_COMMENTS = YES;
				CLANG_WARN_EMPTY_BODY = YES;
				CLANG_WARN_ENUM_CONVERSION = YES;
				CLANG_WARN_INFINITE_RECURSION = YES;
				CLANG_WARN_INT_CONVERSION = YES;
				CLANG_WARN_NON_LITERAL_NULL_CONVERSION = YES;
				CLANG_WARN_OBJC_IMPLICIT_RETAIN_SELF = YES;
				CLANG_WARN_OBJC_LITERAL_CONVERSION = YES;
				CLANG_WARN_OBJC_ROOT_CLASS = YES_ERROR;
				CLANG_WARN_QUOTED_INCLUDE_IN_FRAMEWORK_HEADER = YES;
				CLANG_WARN_RANGE_LOOP_ANALYSIS = YES;
				CLANG_WARN_STRICT_PROTOTYPES = YES;
				CLANG_WARN_SUSPICIOUS_MOVE = YES;
				CLANG_WARN_UNGUARDED_AVAILABILITY = YES_AGGRESSIVE;
				CLANG_WARN_UNREACHABLE_CODE = YES;
				CLANG_WARN__DUPLICATE_METHOD_MATCH = YES;
				COPY_PHASE_STRIP = NO;
				DEBUG_INFORMATION_FORMAT = "dwarf-with-dsym";
				ENABLE_NS_ASSERTIONS = NO;
				ENABLE_STRICT_OBJC_MSGSEND = YES;
				GCC_C_LANGUAGE_STANDARD = gnu11;
				GCC_NO_COMMON_BLOCKS = YES;
				GCC_WARN_64_TO_32_BIT_CONVERSION = YES;
				GCC_WARN_ABOUT_RETURN_TYPE = YES_ERROR;
				GCC_WARN_UNDECLARED_SELECTOR = YES;
				GCC_WARN_UNINITIALIZED_AUTOS = YES_AGGRESSIVE;
				GCC_WARN_UNUSED_FUNCTION = YES;
				GCC_WARN_UNUSED_VARIABLE = YES;
				IPHONEOS_DEPLOYMENT_TARGET = 16.2;
				MTL_ENABLE_DEBUG_INFO = NO;
				MTL_FAST_MATH = YES;
				SDKROOT = iphoneos;
				SWIFT_COMPILATION_MODE = wholemodule;
				SWIFT_OPTIMIZATION_LEVEL = "-O";
				VALIDATE_PRODUCT = YES;
			};
			name = Release;
		};
		7E0ED2D329EE87FF0097DDEF /* Debug */ = {
			isa = XCBuildConfiguration;
			buildSettings = {
				ASSETCATALOG_COMPILER_APPICON_NAME = AppIcon;
				ASSETCATALOG_COMPILER_GLOBAL_ACCENT_COLOR_NAME = AccentColor;
				CODE_SIGN_STYLE = Automatic;
				CURRENT_PROJECT_VERSION = 1;
				DEVELOPMENT_TEAM = ZB5THX64N4;
				GENERATE_INFOPLIST_FILE = YES;
				INFOPLIST_FILE = TODORI/Info.plist;
				INFOPLIST_KEY_UIApplicationSupportsIndirectInputEvents = YES;
				INFOPLIST_KEY_UILaunchStoryboardName = LaunchScreen;
				INFOPLIST_KEY_UISupportedInterfaceOrientations_iPad = "UIInterfaceOrientationPortrait UIInterfaceOrientationPortraitUpsideDown UIInterfaceOrientationLandscapeLeft UIInterfaceOrientationLandscapeRight";
				INFOPLIST_KEY_UISupportedInterfaceOrientations_iPhone = "UIInterfaceOrientationPortrait UIInterfaceOrientationLandscapeLeft UIInterfaceOrientationLandscapeRight";
				LD_RUNPATH_SEARCH_PATHS = (
					"$(inherited)",
					"@executable_path/Frameworks",
				);
				MARKETING_VERSION = 1.0;
				PRODUCT_BUNDLE_IDENTIFIER = solda.TODORI;
				PRODUCT_NAME = "$(TARGET_NAME)";
				SWIFT_EMIT_LOC_STRINGS = YES;
				SWIFT_VERSION = 5.0;
				TARGETED_DEVICE_FAMILY = "1,2";
			};
			name = Debug;
		};
		7E0ED2D429EE87FF0097DDEF /* Release */ = {
			isa = XCBuildConfiguration;
			buildSettings = {
				ASSETCATALOG_COMPILER_APPICON_NAME = AppIcon;
				ASSETCATALOG_COMPILER_GLOBAL_ACCENT_COLOR_NAME = AccentColor;
				CODE_SIGN_STYLE = Automatic;
				CURRENT_PROJECT_VERSION = 1;
				DEVELOPMENT_TEAM = ZB5THX64N4;
				GENERATE_INFOPLIST_FILE = YES;
				INFOPLIST_FILE = TODORI/Info.plist;
				INFOPLIST_KEY_UIApplicationSupportsIndirectInputEvents = YES;
				INFOPLIST_KEY_UILaunchStoryboardName = LaunchScreen;
				INFOPLIST_KEY_UISupportedInterfaceOrientations_iPad = "UIInterfaceOrientationPortrait UIInterfaceOrientationPortraitUpsideDown UIInterfaceOrientationLandscapeLeft UIInterfaceOrientationLandscapeRight";
				INFOPLIST_KEY_UISupportedInterfaceOrientations_iPhone = "UIInterfaceOrientationPortrait UIInterfaceOrientationLandscapeLeft UIInterfaceOrientationLandscapeRight";
				LD_RUNPATH_SEARCH_PATHS = (
					"$(inherited)",
					"@executable_path/Frameworks",
				);
				MARKETING_VERSION = 1.0;
				PRODUCT_BUNDLE_IDENTIFIER = solda.TODORI;
				PRODUCT_NAME = "$(TARGET_NAME)";
				SWIFT_EMIT_LOC_STRINGS = YES;
				SWIFT_VERSION = 5.0;
				TARGETED_DEVICE_FAMILY = "1,2";
			};
			name = Release;
		};
/* End XCBuildConfiguration section */

/* Begin XCConfigurationList section */
		7E0ED2B929EE87FF0097DDEF /* Build configuration list for PBXProject "TODORI" */ = {
			isa = XCConfigurationList;
			buildConfigurations = (
				7E0ED2D029EE87FF0097DDEF /* Debug */,
				7E0ED2D129EE87FF0097DDEF /* Release */,
			);
			defaultConfigurationIsVisible = 0;
			defaultConfigurationName = Release;
		};
		7E0ED2D229EE87FF0097DDEF /* Build configuration list for PBXNativeTarget "TODORI" */ = {
			isa = XCConfigurationList;
			buildConfigurations = (
				7E0ED2D329EE87FF0097DDEF /* Debug */,
				7E0ED2D429EE87FF0097DDEF /* Release */,
			);
			defaultConfigurationIsVisible = 0;
			defaultConfigurationName = Release;
		};
/* End XCConfigurationList section */

/* Begin XCRemoteSwiftPackageReference section */
		3E697E3329EFBEF200E3ABBD /* XCRemoteSwiftPackageReference "FSCalendar" */ = {
			isa = XCRemoteSwiftPackageReference;
			repositoryURL = "https://github.com/WenchaoD/FSCalendar";
			requirement = {
				kind = upToNextMajorVersion;
				minimumVersion = 2.0.0;
			};
		};
		3EC0AD4029FF76F400D6F4D0 /* XCRemoteSwiftPackageReference "Alamofire" */ = {
			isa = XCRemoteSwiftPackageReference;
			repositoryURL = "https://github.com/Alamofire/Alamofire";
			requirement = {
				kind = upToNextMajorVersion;
				minimumVersion = 5.0.0;
			};
		};
		3EC337F12A250E200005001B /* XCRemoteSwiftPackageReference "KeychainAccess" */ = {
			isa = XCRemoteSwiftPackageReference;
			repositoryURL = "https://github.com/kishikawakatsumi/KeychainAccess";
			requirement = {
				branch = master;
				kind = branch;
			};
		};
		7EE627F329EF8157000C8C46 /* XCRemoteSwiftPackageReference "SnapKit" */ = {
			isa = XCRemoteSwiftPackageReference;
			repositoryURL = "https://github.com/SnapKit/SnapKit.git";
			requirement = {
				kind = upToNextMajorVersion;
				minimumVersion = 5.0.0;
			};
		};
/* End XCRemoteSwiftPackageReference section */

/* Begin XCSwiftPackageProductDependency section */
		3E697E3429EFBEF200E3ABBD /* FSCalendar */ = {
			isa = XCSwiftPackageProductDependency;
			package = 3E697E3329EFBEF200E3ABBD /* XCRemoteSwiftPackageReference "FSCalendar" */;
			productName = FSCalendar;
		};
		3EC0AD4129FF76F400D6F4D0 /* Alamofire */ = {
			isa = XCSwiftPackageProductDependency;
			package = 3EC0AD4029FF76F400D6F4D0 /* XCRemoteSwiftPackageReference "Alamofire" */;
			productName = Alamofire;
		};
		3EC337F22A250E200005001B /* KeychainAccess */ = {
			isa = XCSwiftPackageProductDependency;
			package = 3EC337F12A250E200005001B /* XCRemoteSwiftPackageReference "KeychainAccess" */;
			productName = KeychainAccess;
		};
		7E0BF87D29EF8221003291B9 /* SnapKit */ = {
			isa = XCSwiftPackageProductDependency;
			package = 7EE627F329EF8157000C8C46 /* XCRemoteSwiftPackageReference "SnapKit" */;
			productName = SnapKit;
		};
/* End XCSwiftPackageProductDependency section */
	};
	rootObject = 7E0ED2B629EE87FF0097DDEF /* Project object */;
}
