// !$*UTF8*$!
{
	archiveVersion = 1;
	classes = {
	};
	objectVersion = 56;
	objects = {

/* Begin PBXBuildFile section */
		3E1EB28C2A350B480060FAF4 /* FinishSignUpViewController.swift in Sources */ = {isa = PBXBuildFile; fileRef = 3E1EB2802A350B470060FAF4 /* FinishSignUpViewController.swift */; };
		3E1EB28F2A350B480060FAF4 /* GroupSettingViewController.swift in Sources */ = {isa = PBXBuildFile; fileRef = 3E1EB2832A350B480060FAF4 /* GroupSettingViewController.swift */; };
		3E1EB2932A350B480060FAF4 /* ChangePasswordViewController.swift in Sources */ = {isa = PBXBuildFile; fileRef = 3E1EB2872A350B480060FAF4 /* ChangePasswordViewController.swift */; };
		3E1EB29B2A350B4F0060FAF4 /* ViewController.swift in Sources */ = {isa = PBXBuildFile; fileRef = 3E1EB2982A350B4F0060FAF4 /* ViewController.swift */; };
		3E1EB29C2A350B4F0060FAF4 /* MyPageViewController.swift in Sources */ = {isa = PBXBuildFile; fileRef = 3E1EB2992A350B4F0060FAF4 /* MyPageViewController.swift */; };
		3E1EB29D2A350B4F0060FAF4 /* MainViewController.swift in Sources */ = {isa = PBXBuildFile; fileRef = 3E1EB29A2A350B4F0060FAF4 /* MainViewController.swift */; };
		3E1EB2BC2A350C700060FAF4 /* Server.swift in Sources */ = {isa = PBXBuildFile; fileRef = 3E1EB2B52A350C700060FAF4 /* Server.swift */; };
		3E1EB2BD2A350C700060FAF4 /* TodoAPIConstant.swift in Sources */ = {isa = PBXBuildFile; fileRef = 3E1EB2B62A350C700060FAF4 /* TodoAPIConstant.swift */; };
		3E2299972A326B6300011E8F /* Lottie in Frameworks */ = {isa = PBXBuildFile; productRef = 3E2299962A326B6300011E8F /* Lottie */; };
		3E2299992A326C7F00011E8F /* lottieFile.json in Resources */ = {isa = PBXBuildFile; fileRef = 3E2299982A326C7F00011E8F /* lottieFile.json */; };
		3E2BE0602A356CE400C1840B /* DeleteAccountViewController.swift in Sources */ = {isa = PBXBuildFile; fileRef = 3E2BE05F2A356CE400C1840B /* DeleteAccountViewController.swift */; };
		3E2BE0672A356DA900C1840B /* EnterProfileViewController.swift in Sources */ = {isa = PBXBuildFile; fileRef = 3E2BE0612A356DA800C1840B /* EnterProfileViewController.swift */; };
		3E2BE0682A356DA900C1840B /* EnterCodeViewController.swift in Sources */ = {isa = PBXBuildFile; fileRef = 3E2BE0622A356DA900C1840B /* EnterCodeViewController.swift */; };
		3E2BE0692A356DA900C1840B /* FindPasswordViewController.swift in Sources */ = {isa = PBXBuildFile; fileRef = 3E2BE0632A356DA900C1840B /* FindPasswordViewController.swift */; };
		3E2BE06A2A356DA900C1840B /* EditGroupSettingViewController.swift in Sources */ = {isa = PBXBuildFile; fileRef = 3E2BE0642A356DA900C1840B /* EditGroupSettingViewController.swift */; };
		3E2BE06B2A356DA900C1840B /* EnterEmailViewController.swift in Sources */ = {isa = PBXBuildFile; fileRef = 3E2BE0652A356DA900C1840B /* EnterEmailViewController.swift */; };
		3E2BE06C2A356DA900C1840B /* EditProfileViewController.swift in Sources */ = {isa = PBXBuildFile; fileRef = 3E2BE0662A356DA900C1840B /* EditProfileViewController.swift */; };
		3E2BE06F2A356DD800C1840B /* LaunchScreenViewController.swift in Sources */ = {isa = PBXBuildFile; fileRef = 3E2BE06D2A356DD700C1840B /* LaunchScreenViewController.swift */; };
		3E2BE0702A356DD800C1840B /* LogInViewController.swift in Sources */ = {isa = PBXBuildFile; fileRef = 3E2BE06E2A356DD700C1840B /* LogInViewController.swift */; };
		3E2BE0762A356E0B00C1840B /* CustomTableViewCell.swift in Sources */ = {isa = PBXBuildFile; fileRef = 3E2BE0712A356E0B00C1840B /* CustomTableViewCell.swift */; };
		3E2BE0772A356E0B00C1840B /* ButtonManager.swift in Sources */ = {isa = PBXBuildFile; fileRef = 3E2BE0722A356E0B00C1840B /* ButtonManager.swift */; };
		3E2BE0782A356E0B00C1840B /* NavigationBarManager.swift in Sources */ = {isa = PBXBuildFile; fileRef = 3E2BE0732A356E0B00C1840B /* NavigationBarManager.swift */; };
		3E2BE0792A356E0B00C1840B /* LogoutPopupView.swift in Sources */ = {isa = PBXBuildFile; fileRef = 3E2BE0742A356E0B00C1840B /* LogoutPopupView.swift */; };
		3E2BE07A2A356E0B00C1840B /* CustomPopupView2.swift in Sources */ = {isa = PBXBuildFile; fileRef = 3E2BE0752A356E0B00C1840B /* CustomPopupView2.swift */; };
		3E2BE0802A356ED600C1840B /* ToDoService.swift in Sources */ = {isa = PBXBuildFile; fileRef = 3E2BE07B2A356ED600C1840B /* ToDoService.swift */; };
		3E2BE0812A356ED600C1840B /* APIConstant.swift in Sources */ = {isa = PBXBuildFile; fileRef = 3E2BE07C2A356ED600C1840B /* APIConstant.swift */; };
		3E2BE0822A356ED600C1840B /* AccountService.swift in Sources */ = {isa = PBXBuildFile; fileRef = 3E2BE07D2A356ED600C1840B /* AccountService.swift */; };
		3E2BE0832A356ED600C1840B /* UserAPIConstant.swift in Sources */ = {isa = PBXBuildFile; fileRef = 3E2BE07E2A356ED600C1840B /* UserAPIConstant.swift */; };
		3E2BE0842A356ED600C1840B /* NetworkResult.swift in Sources */ = {isa = PBXBuildFile; fileRef = 3E2BE07F2A356ED600C1840B /* NetworkResult.swift */; };
		3E2BE0862A356FD300C1840B /* AccountModel.swift in Sources */ = {isa = PBXBuildFile; fileRef = 3E2BE0852A356FD300C1840B /* AccountModel.swift */; };
		3E2BE08D2A356FF800C1840B /* RequestData.swift in Sources */ = {isa = PBXBuildFile; fileRef = 3E2BE0872A356FF800C1840B /* RequestData.swift */; };
		3E2BE08E2A356FF800C1840B /* Color.swift in Sources */ = {isa = PBXBuildFile; fileRef = 3E2BE0882A356FF800C1840B /* Color.swift */; };
		3E2BE08F2A356FF800C1840B /* DateFormat.swift in Sources */ = {isa = PBXBuildFile; fileRef = 3E2BE0892A356FF800C1840B /* DateFormat.swift */; };
		3E2BE0902A356FF800C1840B /* ResponseData.swift in Sources */ = {isa = PBXBuildFile; fileRef = 3E2BE08A2A356FF800C1840B /* ResponseData.swift */; };
		3E2BE0912A356FF800C1840B /* Todo.swift in Sources */ = {isa = PBXBuildFile; fileRef = 3E2BE08B2A356FF800C1840B /* Todo.swift */; };
		3E2BE0922A356FF800C1840B /* ResponseModel.swift in Sources */ = {isa = PBXBuildFile; fileRef = 3E2BE08C2A356FF800C1840B /* ResponseModel.swift */; };
		3E2BE0952A35700E00C1840B /* AppDelegate.swift in Sources */ = {isa = PBXBuildFile; fileRef = 3E2BE0932A35700E00C1840B /* AppDelegate.swift */; };
		3E2BE0962A35700E00C1840B /* SceneDelegate.swift in Sources */ = {isa = PBXBuildFile; fileRef = 3E2BE0942A35700E00C1840B /* SceneDelegate.swift */; };
		3E2BE09B2A35703C00C1840B /* UIButton+ColorAnimation.swift in Sources */ = {isa = PBXBuildFile; fileRef = 3E2BE0972A35703B00C1840B /* UIButton+ColorAnimation.swift */; };
		3E2BE09C2A35703C00C1840B /* TokenManager.swift in Sources */ = {isa = PBXBuildFile; fileRef = 3E2BE0982A35703B00C1840B /* TokenManager.swift */; };
		3E2BE09D2A35703C00C1840B /* LeftToRightTransition.swift in Sources */ = {isa = PBXBuildFile; fileRef = 3E2BE0992A35703C00C1840B /* LeftToRightTransition.swift */; };
		3E2BE09E2A35703C00C1840B /* UserSession.swift in Sources */ = {isa = PBXBuildFile; fileRef = 3E2BE09A2A35703C00C1840B /* UserSession.swift */; };
		3E2BE0A02A35706400C1840B /* Extensions.swift in Sources */ = {isa = PBXBuildFile; fileRef = 3E2BE09F2A35706400C1840B /* Extensions.swift */; };
		3E697E3529EFBEF200E3ABBD /* FSCalendar in Frameworks */ = {isa = PBXBuildFile; productRef = 3E697E3429EFBEF200E3ABBD /* FSCalendar */; };
		3E7B6E4D2A308181002C9A46 /* CustomPopupView.swift in Sources */ = {isa = PBXBuildFile; fileRef = 3E7B6E4C2A308181002C9A46 /* CustomPopupView.swift */; };
		3EC0AD4229FF76F400D6F4D0 /* Alamofire in Frameworks */ = {isa = PBXBuildFile; productRef = 3EC0AD4129FF76F400D6F4D0 /* Alamofire */; };
		3EC337E52A250D220005001B /* ColorCollectionViewCell.swift in Sources */ = {isa = PBXBuildFile; fileRef = 3EC337E22A250D220005001B /* ColorCollectionViewCell.swift */; };
		3EC337E62A250D220005001B /* TodoMainViewController.swift in Sources */ = {isa = PBXBuildFile; fileRef = 3EC337E32A250D220005001B /* TodoMainViewController.swift */; };
		3EC337E72A250D220005001B /* TodoTableViewCell.swift in Sources */ = {isa = PBXBuildFile; fileRef = 3EC337E42A250D220005001B /* TodoTableViewCell.swift */; };
		3EC337F32A250E200005001B /* KeychainAccess in Frameworks */ = {isa = PBXBuildFile; productRef = 3EC337F22A250E200005001B /* KeychainAccess */; };
		7E0BF87E29EF8221003291B9 /* SnapKit in Frameworks */ = {isa = PBXBuildFile; productRef = 7E0BF87D29EF8221003291B9 /* SnapKit */; };
		7E0ED2CB29EE87FF0097DDEF /* Assets.xcassets in Resources */ = {isa = PBXBuildFile; fileRef = 7E0ED2CA29EE87FF0097DDEF /* Assets.xcassets */; };
/* End PBXBuildFile section */

/* Begin PBXFileReference section */
		3E1EB2802A350B470060FAF4 /* FinishSignUpViewController.swift */ = {isa = PBXFileReference; fileEncoding = 4; lastKnownFileType = sourcecode.swift; path = FinishSignUpViewController.swift; sourceTree = "<group>"; };
		3E1EB2832A350B480060FAF4 /* GroupSettingViewController.swift */ = {isa = PBXFileReference; fileEncoding = 4; lastKnownFileType = sourcecode.swift; path = GroupSettingViewController.swift; sourceTree = "<group>"; };
		3E1EB2872A350B480060FAF4 /* ChangePasswordViewController.swift */ = {isa = PBXFileReference; fileEncoding = 4; lastKnownFileType = sourcecode.swift; path = ChangePasswordViewController.swift; sourceTree = "<group>"; };
		3E1EB2982A350B4F0060FAF4 /* ViewController.swift */ = {isa = PBXFileReference; fileEncoding = 4; lastKnownFileType = sourcecode.swift; path = ViewController.swift; sourceTree = "<group>"; };
		3E1EB2992A350B4F0060FAF4 /* MyPageViewController.swift */ = {isa = PBXFileReference; fileEncoding = 4; lastKnownFileType = sourcecode.swift; path = MyPageViewController.swift; sourceTree = "<group>"; };
		3E1EB29A2A350B4F0060FAF4 /* MainViewController.swift */ = {isa = PBXFileReference; fileEncoding = 4; lastKnownFileType = sourcecode.swift; path = MainViewController.swift; sourceTree = "<group>"; };
		3E1EB2B52A350C700060FAF4 /* Server.swift */ = {isa = PBXFileReference; fileEncoding = 4; lastKnownFileType = sourcecode.swift; path = Server.swift; sourceTree = "<group>"; };
		3E1EB2B62A350C700060FAF4 /* TodoAPIConstant.swift */ = {isa = PBXFileReference; fileEncoding = 4; lastKnownFileType = sourcecode.swift; path = TodoAPIConstant.swift; sourceTree = "<group>"; };
		3E2299982A326C7F00011E8F /* lottieFile.json */ = {isa = PBXFileReference; fileEncoding = 4; lastKnownFileType = text.json; path = lottieFile.json; sourceTree = "<group>"; };
		3E2BE05F2A356CE400C1840B /* DeleteAccountViewController.swift */ = {isa = PBXFileReference; fileEncoding = 4; lastKnownFileType = sourcecode.swift; path = DeleteAccountViewController.swift; sourceTree = "<group>"; };
		3E2BE0612A356DA800C1840B /* EnterProfileViewController.swift */ = {isa = PBXFileReference; fileEncoding = 4; lastKnownFileType = sourcecode.swift; path = EnterProfileViewController.swift; sourceTree = "<group>"; };
		3E2BE0622A356DA900C1840B /* EnterCodeViewController.swift */ = {isa = PBXFileReference; fileEncoding = 4; lastKnownFileType = sourcecode.swift; path = EnterCodeViewController.swift; sourceTree = "<group>"; };
		3E2BE0632A356DA900C1840B /* FindPasswordViewController.swift */ = {isa = PBXFileReference; fileEncoding = 4; lastKnownFileType = sourcecode.swift; path = FindPasswordViewController.swift; sourceTree = "<group>"; };
		3E2BE0642A356DA900C1840B /* EditGroupSettingViewController.swift */ = {isa = PBXFileReference; fileEncoding = 4; lastKnownFileType = sourcecode.swift; path = EditGroupSettingViewController.swift; sourceTree = "<group>"; };
		3E2BE0652A356DA900C1840B /* EnterEmailViewController.swift */ = {isa = PBXFileReference; fileEncoding = 4; lastKnownFileType = sourcecode.swift; path = EnterEmailViewController.swift; sourceTree = "<group>"; };
		3E2BE0662A356DA900C1840B /* EditProfileViewController.swift */ = {isa = PBXFileReference; fileEncoding = 4; lastKnownFileType = sourcecode.swift; path = EditProfileViewController.swift; sourceTree = "<group>"; };
		3E2BE06D2A356DD700C1840B /* LaunchScreenViewController.swift */ = {isa = PBXFileReference; fileEncoding = 4; lastKnownFileType = sourcecode.swift; path = LaunchScreenViewController.swift; sourceTree = "<group>"; };
		3E2BE06E2A356DD700C1840B /* LogInViewController.swift */ = {isa = PBXFileReference; fileEncoding = 4; lastKnownFileType = sourcecode.swift; path = LogInViewController.swift; sourceTree = "<group>"; };
		3E2BE0712A356E0B00C1840B /* CustomTableViewCell.swift */ = {isa = PBXFileReference; fileEncoding = 4; lastKnownFileType = sourcecode.swift; path = CustomTableViewCell.swift; sourceTree = "<group>"; };
		3E2BE0722A356E0B00C1840B /* ButtonManager.swift */ = {isa = PBXFileReference; fileEncoding = 4; lastKnownFileType = sourcecode.swift; path = ButtonManager.swift; sourceTree = "<group>"; };
		3E2BE0732A356E0B00C1840B /* NavigationBarManager.swift */ = {isa = PBXFileReference; fileEncoding = 4; lastKnownFileType = sourcecode.swift; path = NavigationBarManager.swift; sourceTree = "<group>"; };
		3E2BE0742A356E0B00C1840B /* LogoutPopupView.swift */ = {isa = PBXFileReference; fileEncoding = 4; lastKnownFileType = sourcecode.swift; path = LogoutPopupView.swift; sourceTree = "<group>"; };
		3E2BE0752A356E0B00C1840B /* CustomPopupView2.swift */ = {isa = PBXFileReference; fileEncoding = 4; lastKnownFileType = sourcecode.swift; path = CustomPopupView2.swift; sourceTree = "<group>"; };
		3E2BE07B2A356ED600C1840B /* ToDoService.swift */ = {isa = PBXFileReference; fileEncoding = 4; lastKnownFileType = sourcecode.swift; path = ToDoService.swift; sourceTree = "<group>"; };
		3E2BE07C2A356ED600C1840B /* APIConstant.swift */ = {isa = PBXFileReference; fileEncoding = 4; lastKnownFileType = sourcecode.swift; path = APIConstant.swift; sourceTree = "<group>"; };
		3E2BE07D2A356ED600C1840B /* AccountService.swift */ = {isa = PBXFileReference; fileEncoding = 4; lastKnownFileType = sourcecode.swift; path = AccountService.swift; sourceTree = "<group>"; };
		3E2BE07E2A356ED600C1840B /* UserAPIConstant.swift */ = {isa = PBXFileReference; fileEncoding = 4; lastKnownFileType = sourcecode.swift; path = UserAPIConstant.swift; sourceTree = "<group>"; };
		3E2BE07F2A356ED600C1840B /* NetworkResult.swift */ = {isa = PBXFileReference; fileEncoding = 4; lastKnownFileType = sourcecode.swift; path = NetworkResult.swift; sourceTree = "<group>"; };
		3E2BE0852A356FD300C1840B /* AccountModel.swift */ = {isa = PBXFileReference; fileEncoding = 4; lastKnownFileType = sourcecode.swift; path = AccountModel.swift; sourceTree = "<group>"; };
		3E2BE0872A356FF800C1840B /* RequestData.swift */ = {isa = PBXFileReference; fileEncoding = 4; lastKnownFileType = sourcecode.swift; path = RequestData.swift; sourceTree = "<group>"; };
		3E2BE0882A356FF800C1840B /* Color.swift */ = {isa = PBXFileReference; fileEncoding = 4; lastKnownFileType = sourcecode.swift; path = Color.swift; sourceTree = "<group>"; };
		3E2BE0892A356FF800C1840B /* DateFormat.swift */ = {isa = PBXFileReference; fileEncoding = 4; lastKnownFileType = sourcecode.swift; path = DateFormat.swift; sourceTree = "<group>"; };
		3E2BE08A2A356FF800C1840B /* ResponseData.swift */ = {isa = PBXFileReference; fileEncoding = 4; lastKnownFileType = sourcecode.swift; path = ResponseData.swift; sourceTree = "<group>"; };
		3E2BE08B2A356FF800C1840B /* Todo.swift */ = {isa = PBXFileReference; fileEncoding = 4; lastKnownFileType = sourcecode.swift; path = Todo.swift; sourceTree = "<group>"; };
		3E2BE08C2A356FF800C1840B /* ResponseModel.swift */ = {isa = PBXFileReference; fileEncoding = 4; lastKnownFileType = sourcecode.swift; path = ResponseModel.swift; sourceTree = "<group>"; };
		3E2BE0932A35700E00C1840B /* AppDelegate.swift */ = {isa = PBXFileReference; fileEncoding = 4; lastKnownFileType = sourcecode.swift; path = AppDelegate.swift; sourceTree = "<group>"; };
		3E2BE0942A35700E00C1840B /* SceneDelegate.swift */ = {isa = PBXFileReference; fileEncoding = 4; lastKnownFileType = sourcecode.swift; path = SceneDelegate.swift; sourceTree = "<group>"; };
		3E2BE0972A35703B00C1840B /* UIButton+ColorAnimation.swift */ = {isa = PBXFileReference; fileEncoding = 4; lastKnownFileType = sourcecode.swift; path = "UIButton+ColorAnimation.swift"; sourceTree = "<group>"; };
		3E2BE0982A35703B00C1840B /* TokenManager.swift */ = {isa = PBXFileReference; fileEncoding = 4; lastKnownFileType = sourcecode.swift; path = TokenManager.swift; sourceTree = "<group>"; };
		3E2BE0992A35703C00C1840B /* LeftToRightTransition.swift */ = {isa = PBXFileReference; fileEncoding = 4; lastKnownFileType = sourcecode.swift; path = LeftToRightTransition.swift; sourceTree = "<group>"; };
		3E2BE09A2A35703C00C1840B /* UserSession.swift */ = {isa = PBXFileReference; fileEncoding = 4; lastKnownFileType = sourcecode.swift; path = UserSession.swift; sourceTree = "<group>"; };
		3E2BE09F2A35706400C1840B /* Extensions.swift */ = {isa = PBXFileReference; fileEncoding = 4; lastKnownFileType = sourcecode.swift; path = Extensions.swift; sourceTree = "<group>"; };
		3E7B6E4C2A308181002C9A46 /* CustomPopupView.swift */ = {isa = PBXFileReference; fileEncoding = 4; lastKnownFileType = sourcecode.swift; path = CustomPopupView.swift; sourceTree = "<group>"; };
		3EC337E22A250D220005001B /* ColorCollectionViewCell.swift */ = {isa = PBXFileReference; fileEncoding = 4; lastKnownFileType = sourcecode.swift; path = ColorCollectionViewCell.swift; sourceTree = "<group>"; };
		3EC337E32A250D220005001B /* TodoMainViewController.swift */ = {isa = PBXFileReference; fileEncoding = 4; lastKnownFileType = sourcecode.swift; path = TodoMainViewController.swift; sourceTree = "<group>"; };
		3EC337E42A250D220005001B /* TodoTableViewCell.swift */ = {isa = PBXFileReference; fileEncoding = 4; lastKnownFileType = sourcecode.swift; path = TodoTableViewCell.swift; sourceTree = "<group>"; };
		7E0ED2BE29EE87FF0097DDEF /* TODORI.app */ = {isa = PBXFileReference; explicitFileType = wrapper.application; includeInIndex = 0; path = TODORI.app; sourceTree = BUILT_PRODUCTS_DIR; };
		7E0ED2CA29EE87FF0097DDEF /* Assets.xcassets */ = {isa = PBXFileReference; lastKnownFileType = folder.assetcatalog; path = Assets.xcassets; sourceTree = "<group>"; };
		7E0ED2CF29EE87FF0097DDEF /* Info.plist */ = {isa = PBXFileReference; lastKnownFileType = text.plist.xml; path = Info.plist; sourceTree = "<group>"; };
/* End PBXFileReference section */

/* Begin PBXFrameworksBuildPhase section */
		7E0ED2BB29EE87FF0097DDEF /* Frameworks */ = {
			isa = PBXFrameworksBuildPhase;
			buildActionMask = 2147483647;
			files = (
				3E2299972A326B6300011E8F /* Lottie in Frameworks */,
				3EC337F32A250E200005001B /* KeychainAccess in Frameworks */,
				3EC0AD4229FF76F400D6F4D0 /* Alamofire in Frameworks */,
				7E0BF87E29EF8221003291B9 /* SnapKit in Frameworks */,
				3E697E3529EFBEF200E3ABBD /* FSCalendar in Frameworks */,
			);
			runOnlyForDeploymentPostprocessing = 0;
		};
/* End PBXFrameworksBuildPhase section */

/* Begin PBXGroup section */
		3E697E3629EFBEFE00E3ABBD /* Model */ = {
			isa = PBXGroup;
			children = (
				3E2BE0882A356FF800C1840B /* Color.swift */,
				3E2BE0892A356FF800C1840B /* DateFormat.swift */,
				3E2BE0872A356FF800C1840B /* RequestData.swift */,
				3E2BE08A2A356FF800C1840B /* ResponseData.swift */,
				3E2BE08C2A356FF800C1840B /* ResponseModel.swift */,
				3E2BE08B2A356FF800C1840B /* Todo.swift */,
				3E2BE0852A356FD300C1840B /* AccountModel.swift */,
			);
			path = Model;
			sourceTree = "<group>";
		};
		3E697E3D29EFBF2D00E3ABBD /* Network */ = {
			isa = PBXGroup;
			children = (
				3E2BE07D2A356ED600C1840B /* AccountService.swift */,
				3E2BE07C2A356ED600C1840B /* APIConstant.swift */,
				3E2BE07F2A356ED600C1840B /* NetworkResult.swift */,
				3E2BE07B2A356ED600C1840B /* ToDoService.swift */,
				3E2BE07E2A356ED600C1840B /* UserAPIConstant.swift */,
				3E1EB2B52A350C700060FAF4 /* Server.swift */,
				3E1EB2B62A350C700060FAF4 /* TodoAPIConstant.swift */,
			);
			path = Network;
			sourceTree = "<group>";
		};
		3EC337B02A250C710005001B /* View */ = {
			isa = PBXGroup;
			children = (
				3E2BE0722A356E0B00C1840B /* ButtonManager.swift */,
				3E2BE0752A356E0B00C1840B /* CustomPopupView2.swift */,
				3E2BE0742A356E0B00C1840B /* LogoutPopupView.swift */,
				3E2BE0712A356E0B00C1840B /* CustomTableViewCell.swift */,
				3E2BE0732A356E0B00C1840B /* NavigationBarManager.swift */,
				3E7B6E4C2A308181002C9A46 /* CustomPopupView.swift */,
			);
			path = View;
			sourceTree = "<group>";
		};
		3EC337B82A250CE00005001B /* ViewController */ = {
			isa = PBXGroup;
			children = (
				3E2BE06D2A356DD700C1840B /* LaunchScreenViewController.swift */,
				3E2BE06E2A356DD700C1840B /* LogInViewController.swift */,
				3E2BE0642A356DA900C1840B /* EditGroupSettingViewController.swift */,
				3E2BE0662A356DA900C1840B /* EditProfileViewController.swift */,
				3E2BE0622A356DA900C1840B /* EnterCodeViewController.swift */,
				3E2BE0652A356DA900C1840B /* EnterEmailViewController.swift */,
				3E2BE0612A356DA800C1840B /* EnterProfileViewController.swift */,
				3E2BE0632A356DA900C1840B /* FindPasswordViewController.swift */,
				3E1EB29A2A350B4F0060FAF4 /* MainViewController.swift */,
				3E1EB2992A350B4F0060FAF4 /* MyPageViewController.swift */,
				3E1EB2982A350B4F0060FAF4 /* ViewController.swift */,
				3E2BE05F2A356CE400C1840B /* DeleteAccountViewController.swift */,
				3E1EB2872A350B480060FAF4 /* ChangePasswordViewController.swift */,
				3E1EB2802A350B470060FAF4 /* FinishSignUpViewController.swift */,
				3E1EB2832A350B480060FAF4 /* GroupSettingViewController.swift */,
				3EC337E12A250D170005001B /* Main */,
			);
			path = ViewController;
			sourceTree = "<group>";
		};
		3EC337E12A250D170005001B /* Main */ = {
			isa = PBXGroup;
			children = (
				3EC337E22A250D220005001B /* ColorCollectionViewCell.swift */,
				3EC337E32A250D220005001B /* TodoMainViewController.swift */,
				3EC337E42A250D220005001B /* TodoTableViewCell.swift */,
			);
			path = Main;
			sourceTree = "<group>";
		};
		3EC337E82A250D4A0005001B /* Utility */ = {
			isa = PBXGroup;
			children = (
				3E2BE0992A35703C00C1840B /* LeftToRightTransition.swift */,
				3E2BE0982A35703B00C1840B /* TokenManager.swift */,
				3E2BE0972A35703B00C1840B /* UIButton+ColorAnimation.swift */,
				3E2BE09A2A35703C00C1840B /* UserSession.swift */,
				3E2299982A326C7F00011E8F /* lottieFile.json */,
			);
			path = Utility;
			sourceTree = "<group>";
		};
		3EC337F42A2513160005001B /* Extension */ = {
			isa = PBXGroup;
			children = (
				3E2BE09F2A35706400C1840B /* Extensions.swift */,
			);
			path = Extension;
			sourceTree = "<group>";
		};
		7E0ED2B529EE87FF0097DDEF = {
			isa = PBXGroup;
			children = (
				7E0ED2C029EE87FF0097DDEF /* TODORI */,
				7E0ED2BF29EE87FF0097DDEF /* Products */,
				7EE627F229EF7E20000C8C46 /* Frameworks */,
			);
			sourceTree = "<group>";
		};
		7E0ED2BF29EE87FF0097DDEF /* Products */ = {
			isa = PBXGroup;
			children = (
				7E0ED2BE29EE87FF0097DDEF /* TODORI.app */,
			);
			name = Products;
			sourceTree = "<group>";
		};
		7E0ED2C029EE87FF0097DDEF /* TODORI */ = {
			isa = PBXGroup;
			children = (
				3EC337F42A2513160005001B /* Extension */,
				3EC337E82A250D4A0005001B /* Utility */,
				3EC337B82A250CE00005001B /* ViewController */,
				3EC337B02A250C710005001B /* View */,
				3E697E3D29EFBF2D00E3ABBD /* Network */,
				3E697E3629EFBEFE00E3ABBD /* Model */,
				7E0ED2DC29EE8AE10097DDEF /* Support */,
				7E0ED2CF29EE87FF0097DDEF /* Info.plist */,
			);
			path = TODORI;
			sourceTree = "<group>";
		};
		7E0ED2DC29EE8AE10097DDEF /* Support */ = {
			isa = PBXGroup;
			children = (
				3E2BE0932A35700E00C1840B /* AppDelegate.swift */,
				3E2BE0942A35700E00C1840B /* SceneDelegate.swift */,
				7E0ED2CA29EE87FF0097DDEF /* Assets.xcassets */,
			);
			path = Support;
			sourceTree = "<group>";
		};
		7EE627F229EF7E20000C8C46 /* Frameworks */ = {
			isa = PBXGroup;
			children = (
			);
			name = Frameworks;
			sourceTree = "<group>";
		};
/* End PBXGroup section */

/* Begin PBXNativeTarget section */
		7E0ED2BD29EE87FF0097DDEF /* TODORI */ = {
			isa = PBXNativeTarget;
			buildConfigurationList = 7E0ED2D229EE87FF0097DDEF /* Build configuration list for PBXNativeTarget "TODORI" */;
			buildPhases = (
				7E0ED2BA29EE87FF0097DDEF /* Sources */,
				7E0ED2BB29EE87FF0097DDEF /* Frameworks */,
				7E0ED2BC29EE87FF0097DDEF /* Resources */,
			);
			buildRules = (
			);
			dependencies = (
			);
			name = TODORI;
			packageProductDependencies = (
				7E0BF87D29EF8221003291B9 /* SnapKit */,
				3E697E3429EFBEF200E3ABBD /* FSCalendar */,
				3EC0AD4129FF76F400D6F4D0 /* Alamofire */,
				3EC337F22A250E200005001B /* KeychainAccess */,
				3E2299962A326B6300011E8F /* Lottie */,
			);
			productName = TODORI;
			productReference = 7E0ED2BE29EE87FF0097DDEF /* TODORI.app */;
			productType = "com.apple.product-type.application";
		};
/* End PBXNativeTarget section */

/* Begin PBXProject section */
		7E0ED2B629EE87FF0097DDEF /* Project object */ = {
			isa = PBXProject;
			attributes = {
				BuildIndependentTargetsInParallel = 1;
				LastSwiftUpdateCheck = 1420;
				LastUpgradeCheck = 1420;
				TargetAttributes = {
					7E0ED2BD29EE87FF0097DDEF = {
						CreatedOnToolsVersion = 14.2;
					};
				};
			};
			buildConfigurationList = 7E0ED2B929EE87FF0097DDEF /* Build configuration list for PBXProject "TODORI" */;
			compatibilityVersion = "Xcode 14.0";
			developmentRegion = en;
			hasScannedForEncodings = 0;
			knownRegions = (
				en,
				Base,
			);
			mainGroup = 7E0ED2B529EE87FF0097DDEF;
			packageReferences = (
				7EE627F329EF8157000C8C46 /* XCRemoteSwiftPackageReference "SnapKit" */,
				3E697E3329EFBEF200E3ABBD /* XCRemoteSwiftPackageReference "FSCalendar" */,
				3EC0AD4029FF76F400D6F4D0 /* XCRemoteSwiftPackageReference "Alamofire" */,
				3EC337F12A250E200005001B /* XCRemoteSwiftPackageReference "KeychainAccess" */,
				3E2299952A326B6300011E8F /* XCRemoteSwiftPackageReference "lottie-ios" */,
			);
			productRefGroup = 7E0ED2BF29EE87FF0097DDEF /* Products */;
			projectDirPath = "";
			projectRoot = "";
			targets = (
				7E0ED2BD29EE87FF0097DDEF /* TODORI */,
			);
		};
/* End PBXProject section */

/* Begin PBXResourcesBuildPhase section */
		7E0ED2BC29EE87FF0097DDEF /* Resources */ = {
			isa = PBXResourcesBuildPhase;
			buildActionMask = 2147483647;
			files = (
				3E2299992A326C7F00011E8F /* lottieFile.json in Resources */,
				7E0ED2CB29EE87FF0097DDEF /* Assets.xcassets in Resources */,
			);
			runOnlyForDeploymentPostprocessing = 0;
		};
/* End PBXResourcesBuildPhase section */

/* Begin PBXSourcesBuildPhase section */
		7E0ED2BA29EE87FF0097DDEF /* Sources */ = {
			isa = PBXSourcesBuildPhase;
			buildActionMask = 2147483647;
			files = (
				3E2BE0902A356FF800C1840B /* ResponseData.swift in Sources */,
				3E1EB2932A350B480060FAF4 /* ChangePasswordViewController.swift in Sources */,
				3E2BE0802A356ED600C1840B /* ToDoService.swift in Sources */,
				3E1EB29B2A350B4F0060FAF4 /* ViewController.swift in Sources */,
				3E1EB28C2A350B480060FAF4 /* FinishSignUpViewController.swift in Sources */,
				3E2BE0772A356E0B00C1840B /* ButtonManager.swift in Sources */,
				3E2BE0912A356FF800C1840B /* Todo.swift in Sources */,
				3E1EB29D2A350B4F0060FAF4 /* MainViewController.swift in Sources */,
				3E2BE0782A356E0B00C1840B /* NavigationBarManager.swift in Sources */,
				3E2BE09D2A35703C00C1840B /* LeftToRightTransition.swift in Sources */,
				3E1EB28F2A350B480060FAF4 /* GroupSettingViewController.swift in Sources */,
				3E2BE0842A356ED600C1840B /* NetworkResult.swift in Sources */,
				3E2BE06F2A356DD800C1840B /* LaunchScreenViewController.swift in Sources */,
				3E2BE06A2A356DA900C1840B /* EditGroupSettingViewController.swift in Sources */,
				3E2BE0692A356DA900C1840B /* FindPasswordViewController.swift in Sources */,
				3E2BE0682A356DA900C1840B /* EnterCodeViewController.swift in Sources */,
				3E2BE09C2A35703C00C1840B /* TokenManager.swift in Sources */,
				3EC337E62A250D220005001B /* TodoMainViewController.swift in Sources */,
				3E2BE0702A356DD800C1840B /* LogInViewController.swift in Sources */,
				3E2BE0952A35700E00C1840B /* AppDelegate.swift in Sources */,
				3E2BE08F2A356FF800C1840B /* DateFormat.swift in Sources */,
				3E2BE08E2A356FF800C1840B /* Color.swift in Sources */,
				3E1EB2BD2A350C700060FAF4 /* TodoAPIConstant.swift in Sources */,
				3E2BE0A02A35706400C1840B /* Extensions.swift in Sources */,
				3E2BE0762A356E0B00C1840B /* CustomTableViewCell.swift in Sources */,
				3E2BE0672A356DA900C1840B /* EnterProfileViewController.swift in Sources */,
				3E2BE0922A356FF800C1840B /* ResponseModel.swift in Sources */,
				3E2BE07A2A356E0B00C1840B /* CustomPopupView2.swift in Sources */,
				3EC337E52A250D220005001B /* ColorCollectionViewCell.swift in Sources */,
				3E2BE0832A356ED600C1840B /* UserAPIConstant.swift in Sources */,
				3E2BE0862A356FD300C1840B /* AccountModel.swift in Sources */,
				3E2BE0812A356ED600C1840B /* APIConstant.swift in Sources */,
				3E1EB29C2A350B4F0060FAF4 /* MyPageViewController.swift in Sources */,
				3E2BE08D2A356FF800C1840B /* RequestData.swift in Sources */,
				3E7B6E4D2A308181002C9A46 /* CustomPopupView.swift in Sources */,
				3E2BE0962A35700E00C1840B /* SceneDelegate.swift in Sources */,
				3E2BE0792A356E0B00C1840B /* LogoutPopupView.swift in Sources */,
				3E2BE06C2A356DA900C1840B /* EditProfileViewController.swift in Sources */,
				3E2BE0602A356CE400C1840B /* DeleteAccountViewController.swift in Sources */,
				3EC337E72A250D220005001B /* TodoTableViewCell.swift in Sources */,
				3E2BE0822A356ED600C1840B /* AccountService.swift in Sources */,
				3E2BE09E2A35703C00C1840B /* UserSession.swift in Sources */,
				3E2BE06B2A356DA900C1840B /* EnterEmailViewController.swift in Sources */,
				3E2BE09B2A35703C00C1840B /* UIButton+ColorAnimation.swift in Sources */,
				3E1EB2BC2A350C700060FAF4 /* Server.swift in Sources */,
			);
			runOnlyForDeploymentPostprocessing = 0;
		};
/* End PBXSourcesBuildPhase section */

/* Begin XCBuildConfiguration section */
		7E0ED2D029EE87FF0097DDEF /* Debug */ = {
			isa = XCBuildConfiguration;
			buildSettings = {
				ALWAYS_SEARCH_USER_PATHS = NO;
				CLANG_ANALYZER_NONNULL = YES;
				CLANG_ANALYZER_NUMBER_OBJECT_CONVERSION = YES_AGGRESSIVE;
				CLANG_CXX_LANGUAGE_STANDARD = "gnu++20";
				CLANG_ENABLE_MODULES = YES;
				CLANG_ENABLE_OBJC_ARC = YES;
				CLANG_ENABLE_OBJC_WEAK = YES;
				CLANG_WARN_BLOCK_CAPTURE_AUTORELEASING = YES;
				CLANG_WARN_BOOL_CONVERSION = YES;
				CLANG_WARN_COMMA = YES;
				CLANG_WARN_CONSTANT_CONVERSION = YES;
				CLANG_WARN_DEPRECATED_OBJC_IMPLEMENTATIONS = YES;
				CLANG_WARN_DIRECT_OBJC_ISA_USAGE = YES_ERROR;
				CLANG_WARN_DOCUMENTATION_COMMENTS = YES;
				CLANG_WARN_EMPTY_BODY = YES;
				CLANG_WARN_ENUM_CONVERSION = YES;
				CLANG_WARN_INFINITE_RECURSION = YES;
				CLANG_WARN_INT_CONVERSION = YES;
				CLANG_WARN_NON_LITERAL_NULL_CONVERSION = YES;
				CLANG_WARN_OBJC_IMPLICIT_RETAIN_SELF = YES;
				CLANG_WARN_OBJC_LITERAL_CONVERSION = YES;
				CLANG_WARN_OBJC_ROOT_CLASS = YES_ERROR;
				CLANG_WARN_QUOTED_INCLUDE_IN_FRAMEWORK_HEADER = YES;
				CLANG_WARN_RANGE_LOOP_ANALYSIS = YES;
				CLANG_WARN_STRICT_PROTOTYPES = YES;
				CLANG_WARN_SUSPICIOUS_MOVE = YES;
				CLANG_WARN_UNGUARDED_AVAILABILITY = YES_AGGRESSIVE;
				CLANG_WARN_UNREACHABLE_CODE = YES;
				CLANG_WARN__DUPLICATE_METHOD_MATCH = YES;
				COPY_PHASE_STRIP = NO;
				DEBUG_INFORMATION_FORMAT = dwarf;
				ENABLE_STRICT_OBJC_MSGSEND = YES;
				ENABLE_TESTABILITY = YES;
				GCC_C_LANGUAGE_STANDARD = gnu11;
				GCC_DYNAMIC_NO_PIC = NO;
				GCC_NO_COMMON_BLOCKS = YES;
				GCC_OPTIMIZATION_LEVEL = 0;
				GCC_PREPROCESSOR_DEFINITIONS = (
					"DEBUG=1",
					"$(inherited)",
				);
				GCC_WARN_64_TO_32_BIT_CONVERSION = YES;
				GCC_WARN_ABOUT_RETURN_TYPE = YES_ERROR;
				GCC_WARN_UNDECLARED_SELECTOR = YES;
				GCC_WARN_UNINITIALIZED_AUTOS = YES_AGGRESSIVE;
				GCC_WARN_UNUSED_FUNCTION = YES;
				GCC_WARN_UNUSED_VARIABLE = YES;
				IPHONEOS_DEPLOYMENT_TARGET = 16.2;
				MTL_ENABLE_DEBUG_INFO = INCLUDE_SOURCE;
				MTL_FAST_MATH = YES;
				ONLY_ACTIVE_ARCH = YES;
				SDKROOT = iphoneos;
				SWIFT_ACTIVE_COMPILATION_CONDITIONS = DEBUG;
				SWIFT_OPTIMIZATION_LEVEL = "-Onone";
			};
			name = Debug;
		};
		7E0ED2D129EE87FF0097DDEF /* Release */ = {
			isa = XCBuildConfiguration;
			buildSettings = {
				ALWAYS_SEARCH_USER_PATHS = NO;
				CLANG_ANALYZER_NONNULL = YES;
				CLANG_ANALYZER_NUMBER_OBJECT_CONVERSION = YES_AGGRESSIVE;
				CLANG_CXX_LANGUAGE_STANDARD = "gnu++20";
				CLANG_ENABLE_MODULES = YES;
				CLANG_ENABLE_OBJC_ARC = YES;
				CLANG_ENABLE_OBJC_WEAK = YES;
				CLANG_WARN_BLOCK_CAPTURE_AUTORELEASING = YES;
				CLANG_WARN_BOOL_CONVERSION = YES;
				CLANG_WARN_COMMA = YES;
				CLANG_WARN_CONSTANT_CONVERSION = YES;
				CLANG_WARN_DEPRECATED_OBJC_IMPLEMENTATIONS = YES;
				CLANG_WARN_DIRECT_OBJC_ISA_USAGE = YES_ERROR;
				CLANG_WARN_DOCUMENTATION_COMMENTS = YES;
				CLANG_WARN_EMPTY_BODY = YES;
				CLANG_WARN_ENUM_CONVERSION = YES;
				CLANG_WARN_INFINITE_RECURSION = YES;
				CLANG_WARN_INT_CONVERSION = YES;
				CLANG_WARN_NON_LITERAL_NULL_CONVERSION = YES;
				CLANG_WARN_OBJC_IMPLICIT_RETAIN_SELF = YES;
				CLANG_WARN_OBJC_LITERAL_CONVERSION = YES;
				CLANG_WARN_OBJC_ROOT_CLASS = YES_ERROR;
				CLANG_WARN_QUOTED_INCLUDE_IN_FRAMEWORK_HEADER = YES;
				CLANG_WARN_RANGE_LOOP_ANALYSIS = YES;
				CLANG_WARN_STRICT_PROTOTYPES = YES;
				CLANG_WARN_SUSPICIOUS_MOVE = YES;
				CLANG_WARN_UNGUARDED_AVAILABILITY = YES_AGGRESSIVE;
				CLANG_WARN_UNREACHABLE_CODE = YES;
				CLANG_WARN__DUPLICATE_METHOD_MATCH = YES;
				COPY_PHASE_STRIP = NO;
				DEBUG_INFORMATION_FORMAT = "dwarf-with-dsym";
				ENABLE_NS_ASSERTIONS = NO;
				ENABLE_STRICT_OBJC_MSGSEND = YES;
				GCC_C_LANGUAGE_STANDARD = gnu11;
				GCC_NO_COMMON_BLOCKS = YES;
				GCC_WARN_64_TO_32_BIT_CONVERSION = YES;
				GCC_WARN_ABOUT_RETURN_TYPE = YES_ERROR;
				GCC_WARN_UNDECLARED_SELECTOR = YES;
				GCC_WARN_UNINITIALIZED_AUTOS = YES_AGGRESSIVE;
				GCC_WARN_UNUSED_FUNCTION = YES;
				GCC_WARN_UNUSED_VARIABLE = YES;
				IPHONEOS_DEPLOYMENT_TARGET = 16.2;
				MTL_ENABLE_DEBUG_INFO = NO;
				MTL_FAST_MATH = YES;
				SDKROOT = iphoneos;
				SWIFT_COMPILATION_MODE = wholemodule;
				SWIFT_OPTIMIZATION_LEVEL = "-O";
				VALIDATE_PRODUCT = YES;
			};
			name = Release;
		};
		7E0ED2D329EE87FF0097DDEF /* Debug */ = {
			isa = XCBuildConfiguration;
			buildSettings = {
				ASSETCATALOG_COMPILER_APPICON_NAME = AppIcon;
				ASSETCATALOG_COMPILER_GLOBAL_ACCENT_COLOR_NAME = AccentColor;
				CODE_SIGN_STYLE = Automatic;
				CURRENT_PROJECT_VERSION = 1;
				DEVELOPMENT_TEAM = ZB5THX64N4;
				GENERATE_INFOPLIST_FILE = YES;
				INFOPLIST_FILE = TODORI/Info.plist;
				INFOPLIST_KEY_UIApplicationSupportsIndirectInputEvents = YES;
				INFOPLIST_KEY_UILaunchStoryboardName = LaunchScreen;
				INFOPLIST_KEY_UISupportedInterfaceOrientations_iPad = "UIInterfaceOrientationPortrait UIInterfaceOrientationPortraitUpsideDown UIInterfaceOrientationLandscapeLeft UIInterfaceOrientationLandscapeRight";
				INFOPLIST_KEY_UISupportedInterfaceOrientations_iPhone = "UIInterfaceOrientationPortrait UIInterfaceOrientationLandscapeLeft UIInterfaceOrientationLandscapeRight";
				LD_RUNPATH_SEARCH_PATHS = (
					"$(inherited)",
					"@executable_path/Frameworks",
				);
				MARKETING_VERSION = 1.0;
				PRODUCT_BUNDLE_IDENTIFIER = solda.TODORI;
				PRODUCT_NAME = "$(TARGET_NAME)";
				SWIFT_EMIT_LOC_STRINGS = YES;
				SWIFT_VERSION = 5.0;
				TARGETED_DEVICE_FAMILY = "1,2";
			};
			name = Debug;
		};
		7E0ED2D429EE87FF0097DDEF /* Release */ = {
			isa = XCBuildConfiguration;
			buildSettings = {
				ASSETCATALOG_COMPILER_APPICON_NAME = AppIcon;
				ASSETCATALOG_COMPILER_GLOBAL_ACCENT_COLOR_NAME = AccentColor;
				CODE_SIGN_STYLE = Automatic;
				CURRENT_PROJECT_VERSION = 1;
				DEVELOPMENT_TEAM = ZB5THX64N4;
				GENERATE_INFOPLIST_FILE = YES;
				INFOPLIST_FILE = TODORI/Info.plist;
				INFOPLIST_KEY_UIApplicationSupportsIndirectInputEvents = YES;
				INFOPLIST_KEY_UILaunchStoryboardName = LaunchScreen;
				INFOPLIST_KEY_UISupportedInterfaceOrientations_iPad = "UIInterfaceOrientationPortrait UIInterfaceOrientationPortraitUpsideDown UIInterfaceOrientationLandscapeLeft UIInterfaceOrientationLandscapeRight";
				INFOPLIST_KEY_UISupportedInterfaceOrientations_iPhone = "UIInterfaceOrientationPortrait UIInterfaceOrientationLandscapeLeft UIInterfaceOrientationLandscapeRight";
				LD_RUNPATH_SEARCH_PATHS = (
					"$(inherited)",
					"@executable_path/Frameworks",
				);
				MARKETING_VERSION = 1.0;
				PRODUCT_BUNDLE_IDENTIFIER = solda.TODORI;
				PRODUCT_NAME = "$(TARGET_NAME)";
				SWIFT_EMIT_LOC_STRINGS = YES;
				SWIFT_VERSION = 5.0;
				TARGETED_DEVICE_FAMILY = "1,2";
			};
			name = Release;
		};
/* End XCBuildConfiguration section */

/* Begin XCConfigurationList section */
		7E0ED2B929EE87FF0097DDEF /* Build configuration list for PBXProject "TODORI" */ = {
			isa = XCConfigurationList;
			buildConfigurations = (
				7E0ED2D029EE87FF0097DDEF /* Debug */,
				7E0ED2D129EE87FF0097DDEF /* Release */,
			);
			defaultConfigurationIsVisible = 0;
			defaultConfigurationName = Release;
		};
		7E0ED2D229EE87FF0097DDEF /* Build configuration list for PBXNativeTarget "TODORI" */ = {
			isa = XCConfigurationList;
			buildConfigurations = (
				7E0ED2D329EE87FF0097DDEF /* Debug */,
				7E0ED2D429EE87FF0097DDEF /* Release */,
			);
			defaultConfigurationIsVisible = 0;
			defaultConfigurationName = Release;
		};
/* End XCConfigurationList section */

/* Begin XCRemoteSwiftPackageReference section */
		3E2299952A326B6300011E8F /* XCRemoteSwiftPackageReference "lottie-ios" */ = {
			isa = XCRemoteSwiftPackageReference;
			repositoryURL = "https://github.com/airbnb/lottie-ios";
			requirement = {
				kind = upToNextMajorVersion;
				minimumVersion = 4.0.0;
			};
		};
		3E697E3329EFBEF200E3ABBD /* XCRemoteSwiftPackageReference "FSCalendar" */ = {
			isa = XCRemoteSwiftPackageReference;
			repositoryURL = "https://github.com/WenchaoD/FSCalendar";
			requirement = {
				kind = upToNextMajorVersion;
				minimumVersion = 2.0.0;
			};
		};
		3EC0AD4029FF76F400D6F4D0 /* XCRemoteSwiftPackageReference "Alamofire" */ = {
			isa = XCRemoteSwiftPackageReference;
			repositoryURL = "https://github.com/Alamofire/Alamofire";
			requirement = {
				kind = upToNextMajorVersion;
				minimumVersion = 5.0.0;
			};
		};
		3EC337F12A250E200005001B /* XCRemoteSwiftPackageReference "KeychainAccess" */ = {
			isa = XCRemoteSwiftPackageReference;
			repositoryURL = "https://github.com/kishikawakatsumi/KeychainAccess";
			requirement = {
				branch = master;
				kind = branch;
			};
		};
		7EE627F329EF8157000C8C46 /* XCRemoteSwiftPackageReference "SnapKit" */ = {
			isa = XCRemoteSwiftPackageReference;
			repositoryURL = "https://github.com/SnapKit/SnapKit.git";
			requirement = {
				kind = upToNextMajorVersion;
				minimumVersion = 5.0.0;
			};
		};
/* End XCRemoteSwiftPackageReference section */

/* Begin XCSwiftPackageProductDependency section */
		3E2299962A326B6300011E8F /* Lottie */ = {
			isa = XCSwiftPackageProductDependency;
			package = 3E2299952A326B6300011E8F /* XCRemoteSwiftPackageReference "lottie-ios" */;
			productName = Lottie;
		};
		3E697E3429EFBEF200E3ABBD /* FSCalendar */ = {
			isa = XCSwiftPackageProductDependency;
			package = 3E697E3329EFBEF200E3ABBD /* XCRemoteSwiftPackageReference "FSCalendar" */;
			productName = FSCalendar;
		};
		3EC0AD4129FF76F400D6F4D0 /* Alamofire */ = {
			isa = XCSwiftPackageProductDependency;
			package = 3EC0AD4029FF76F400D6F4D0 /* XCRemoteSwiftPackageReference "Alamofire" */;
			productName = Alamofire;
		};
		3EC337F22A250E200005001B /* KeychainAccess */ = {
			isa = XCSwiftPackageProductDependency;
			package = 3EC337F12A250E200005001B /* XCRemoteSwiftPackageReference "KeychainAccess" */;
			productName = KeychainAccess;
		};
		7E0BF87D29EF8221003291B9 /* SnapKit */ = {
			isa = XCSwiftPackageProductDependency;
			package = 7EE627F329EF8157000C8C46 /* XCRemoteSwiftPackageReference "SnapKit" */;
			productName = SnapKit;
		};
/* End XCSwiftPackageProductDependency section */
	};
	rootObject = 7E0ED2B629EE87FF0097DDEF /* Project object */;
}
