// !$*UTF8*$!
{
	archiveVersion = 1;
	classes = {
	};
	objectVersion = 56;
	objects = {

/* Begin PBXBuildFile section */
		3E7DAE92296DBEDE00B85F75 /* FinishRegisterVeiwController.swift in Sources */ = {isa = PBXBuildFile; fileRef = 3E7DAE91296DBEDE00B85F75 /* FinishRegisterVeiwController.swift */; };
		3EC0B788296757DE00B31EC2 /* EmailForSignUpViewController.swift in Sources */ = {isa = PBXBuildFile; fileRef = 3EC0B787296757DE00B31EC2 /* EmailForSignUpViewController.swift */; };
		3EC0B78A296B5BCE00B31EC2 /* VerificationCodeForSignUpViewController.swift in Sources */ = {isa = PBXBuildFile; fileRef = 3EC0B789296B5BCE00B31EC2 /* VerificationCodeForSignUpViewController.swift */; };
		3EDDDFD8296BED370048D941 /* ProfileSettingForSignUpViewController.swift in Sources */ = {isa = PBXBuildFile; fileRef = 3EDDDFD7296BED370048D941 /* ProfileSettingForSignUpViewController.swift */; };
		3EDDDFDA296BFBB80048D941 /* ResponseData.swift in Sources */ = {isa = PBXBuildFile; fileRef = 3EDDDFD9296BFBB80048D941 /* ResponseData.swift */; };
		3EDDDFDC296C68AE0048D941 /* RequestData.swift in Sources */ = {isa = PBXBuildFile; fileRef = 3EDDDFDB296C68AE0048D941 /* RequestData.swift */; };
		7EC1549D2965BEF3001290C2 /* AppDelegate.swift in Sources */ = {isa = PBXBuildFile; fileRef = 7EC1549C2965BEF3001290C2 /* AppDelegate.swift */; };
		7EC1549F2965BEF3001290C2 /* SceneDelegate.swift in Sources */ = {isa = PBXBuildFile; fileRef = 7EC1549E2965BEF3001290C2 /* SceneDelegate.swift */; };
		7EC154A12965BEF3001290C2 /* ViewController.swift in Sources */ = {isa = PBXBuildFile; fileRef = 7EC154A02965BEF3001290C2 /* ViewController.swift */; };
		7EC154A42965BEF3001290C2 /* Main.storyboard in Resources */ = {isa = PBXBuildFile; fileRef = 7EC154A22965BEF3001290C2 /* Main.storyboard */; };
		7EC154A62965BEF3001290C2 /* Assets.xcassets in Resources */ = {isa = PBXBuildFile; fileRef = 7EC154A52965BEF3001290C2 /* Assets.xcassets */; };
		7EC154A92965BEF3001290C2 /* LaunchScreen.storyboard in Resources */ = {isa = PBXBuildFile; fileRef = 7EC154A72965BEF3001290C2 /* LaunchScreen.storyboard */; };
/* End PBXBuildFile section */

/* Begin PBXFileReference section */
		3E7DAE91296DBEDE00B85F75 /* FinishRegisterVeiwController.swift */ = {isa = PBXFileReference; lastKnownFileType = sourcecode.swift; path = FinishRegisterVeiwController.swift; sourceTree = "<group>"; };
		3EC0B787296757DE00B31EC2 /* EmailForSignUpViewController.swift */ = {isa = PBXFileReference; lastKnownFileType = sourcecode.swift; path = EmailForSignUpViewController.swift; sourceTree = "<group>"; };
		3EC0B789296B5BCE00B31EC2 /* VerificationCodeForSignUpViewController.swift */ = {isa = PBXFileReference; lastKnownFileType = sourcecode.swift; path = VerificationCodeForSignUpViewController.swift; sourceTree = "<group>"; };
		3EDDDFD7296BED370048D941 /* ProfileSettingForSignUpViewController.swift */ = {isa = PBXFileReference; lastKnownFileType = sourcecode.swift; path = ProfileSettingForSignUpViewController.swift; sourceTree = "<group>"; };
		3EDDDFD9296BFBB80048D941 /* ResponseData.swift */ = {isa = PBXFileReference; lastKnownFileType = sourcecode.swift; path = ResponseData.swift; sourceTree = "<group>"; };
		3EDDDFDB296C68AE0048D941 /* RequestData.swift */ = {isa = PBXFileReference; lastKnownFileType = sourcecode.swift; path = RequestData.swift; sourceTree = "<group>"; };
		7EC154992965BEF3001290C2 /* ToDo.app */ = {isa = PBXFileReference; explicitFileType = wrapper.application; includeInIndex = 0; path = ToDo.app; sourceTree = BUILT_PRODUCTS_DIR; };
		7EC1549C2965BEF3001290C2 /* AppDelegate.swift */ = {isa = PBXFileReference; lastKnownFileType = sourcecode.swift; path = AppDelegate.swift; sourceTree = "<group>"; };
		7EC1549E2965BEF3001290C2 /* SceneDelegate.swift */ = {isa = PBXFileReference; lastKnownFileType = sourcecode.swift; path = SceneDelegate.swift; sourceTree = "<group>"; };
		7EC154A02965BEF3001290C2 /* ViewController.swift */ = {isa = PBXFileReference; lastKnownFileType = sourcecode.swift; path = ViewController.swift; sourceTree = "<group>"; };
		7EC154A32965BEF3001290C2 /* Base */ = {isa = PBXFileReference; lastKnownFileType = file.storyboard; name = Base; path = Base.lproj/Main.storyboard; sourceTree = "<group>"; };
		7EC154A52965BEF3001290C2 /* Assets.xcassets */ = {isa = PBXFileReference; lastKnownFileType = folder.assetcatalog; path = Assets.xcassets; sourceTree = "<group>"; };
		7EC154A82965BEF3001290C2 /* Base */ = {isa = PBXFileReference; lastKnownFileType = file.storyboard; name = Base; path = Base.lproj/LaunchScreen.storyboard; sourceTree = "<group>"; };
		7EC154AA2965BEF3001290C2 /* Info.plist */ = {isa = PBXFileReference; lastKnownFileType = text.plist.xml; path = Info.plist; sourceTree = "<group>"; };
/* End PBXFileReference section */

/* Begin PBXFrameworksBuildPhase section */
		7EC154962965BEF3001290C2 /* Frameworks */ = {
			isa = PBXFrameworksBuildPhase;
			buildActionMask = 2147483647;
			files = (
			);
			runOnlyForDeploymentPostprocessing = 0;
		};
/* End PBXFrameworksBuildPhase section */

/* Begin PBXGroup section */
		7EC154902965BEF2001290C2 = {
			isa = PBXGroup;
			children = (
				7EC1549B2965BEF3001290C2 /* ToDo */,
				7EC1549A2965BEF3001290C2 /* Products */,
			);
			sourceTree = "<group>";
		};
		7EC1549A2965BEF3001290C2 /* Products */ = {
			isa = PBXGroup;
			children = (
				7EC154992965BEF3001290C2 /* ToDo.app */,
			);
			name = Products;
			sourceTree = "<group>";
		};
		7EC1549B2965BEF3001290C2 /* ToDo */ = {
			isa = PBXGroup;
			children = (
				7EC1549C2965BEF3001290C2 /* AppDelegate.swift */,
				7EC1549E2965BEF3001290C2 /* SceneDelegate.swift */,
				7EC154A02965BEF3001290C2 /* ViewController.swift */,
				7EC154A22965BEF3001290C2 /* Main.storyboard */,
				7EC154A52965BEF3001290C2 /* Assets.xcassets */,
				7EC154A72965BEF3001290C2 /* LaunchScreen.storyboard */,
				7EC154AA2965BEF3001290C2 /* Info.plist */,
				3EC0B787296757DE00B31EC2 /* EmailForSignUpViewController.swift */,
				3EC0B789296B5BCE00B31EC2 /* VerificationCodeForSignUpViewController.swift */,
				3EDDDFD7296BED370048D941 /* ProfileSettingForSignUpViewController.swift */,
				3E7DAE91296DBEDE00B85F75 /* FinishRegisterVeiwController.swift */,
				3EDDDFD9296BFBB80048D941 /* ResponseData.swift */,
				3EDDDFDB296C68AE0048D941 /* RequestData.swift */,
			);
			path = ToDo;
			sourceTree = "<group>";
		};
/* End PBXGroup section */

/* Begin PBXNativeTarget section */
		7EC154982965BEF3001290C2 /* ToDo */ = {
			isa = PBXNativeTarget;
			buildConfigurationList = 7EC154AD2965BEF3001290C2 /* Build configuration list for PBXNativeTarget "ToDo" */;
			buildPhases = (
				7EC154952965BEF3001290C2 /* Sources */,
				7EC154962965BEF3001290C2 /* Frameworks */,
				7EC154972965BEF3001290C2 /* Resources */,
			);
			buildRules = (
			);
			dependencies = (
			);
			name = ToDo;
			productName = ToDo;
			productReference = 7EC154992965BEF3001290C2 /* ToDo.app */;
			productType = "com.apple.product-type.application";
		};
/* End PBXNativeTarget section */

/* Begin PBXProject section */
		7EC154912965BEF2001290C2 /* Project object */ = {
			isa = PBXProject;
			attributes = {
				BuildIndependentTargetsInParallel = 1;
				LastSwiftUpdateCheck = 1410;
				LastUpgradeCheck = 1410;
				TargetAttributes = {
					7EC154982965BEF3001290C2 = {
						CreatedOnToolsVersion = 14.1;
					};
				};
			};
			buildConfigurationList = 7EC154942965BEF2001290C2 /* Build configuration list for PBXProject "ToDo" */;
			compatibilityVersion = "Xcode 14.0";
			developmentRegion = en;
			hasScannedForEncodings = 0;
			knownRegions = (
				en,
				Base,
			);
			mainGroup = 7EC154902965BEF2001290C2;
			productRefGroup = 7EC1549A2965BEF3001290C2 /* Products */;
			projectDirPath = "";
			projectRoot = "";
			targets = (
				7EC154982965BEF3001290C2 /* ToDo */,
			);
		};
/* End PBXProject section */

/* Begin PBXResourcesBuildPhase section */
		7EC154972965BEF3001290C2 /* Resources */ = {
			isa = PBXResourcesBuildPhase;
			buildActionMask = 2147483647;
			files = (
				7EC154A92965BEF3001290C2 /* LaunchScreen.storyboard in Resources */,
				7EC154A62965BEF3001290C2 /* Assets.xcassets in Resources */,
				7EC154A42965BEF3001290C2 /* Main.storyboard in Resources */,
			);
			runOnlyForDeploymentPostprocessing = 0;
		};
/* End PBXResourcesBuildPhase section */

/* Begin PBXSourcesBuildPhase section */
		7EC154952965BEF3001290C2 /* Sources */ = {
			isa = PBXSourcesBuildPhase;
			buildActionMask = 2147483647;
			files = (
				7EC154A12965BEF3001290C2 /* ViewController.swift in Sources */,
				3EDDDFDA296BFBB80048D941 /* ResponseData.swift in Sources */,
				3EC0B788296757DE00B31EC2 /* EmailForSignUpViewController.swift in Sources */,
				7EC1549D2965BEF3001290C2 /* AppDelegate.swift in Sources */,
				3EDDDFD8296BED370048D941 /* ProfileSettingForSignUpViewController.swift in Sources */,
				7EC1549F2965BEF3001290C2 /* SceneDelegate.swift in Sources */,
				3EC0B78A296B5BCE00B31EC2 /* VerificationCodeForSignUpViewController.swift in Sources */,
				3E7DAE92296DBEDE00B85F75 /* FinishRegisterVeiwController.swift in Sources */,
				3EDDDFDC296C68AE0048D941 /* RequestData.swift in Sources */,
			);
			runOnlyForDeploymentPostprocessing = 0;
		};
/* End PBXSourcesBuildPhase section */

/* Begin PBXVariantGroup section */
		7EC154A22965BEF3001290C2 /* Main.storyboard */ = {
			isa = PBXVariantGroup;
			children = (
				7EC154A32965BEF3001290C2 /* Base */,
			);
			name = Main.storyboard;
			sourceTree = "<group>";
		};
		7EC154A72965BEF3001290C2 /* LaunchScreen.storyboard */ = {
			isa = PBXVariantGroup;
			children = (
				7EC154A82965BEF3001290C2 /* Base */,
			);
			name = LaunchScreen.storyboard;
			sourceTree = "<group>";
		};
/* End PBXVariantGroup section */

/* Begin XCBuildConfiguration section */
		7EC154AB2965BEF3001290C2 /* Debug */ = {
			isa = XCBuildConfiguration;
			buildSettings = {
				ALWAYS_SEARCH_USER_PATHS = NO;
				CLANG_ANALYZER_NONNULL = YES;
				CLANG_ANALYZER_NUMBER_OBJECT_CONVERSION = YES_AGGRESSIVE;
				CLANG_CXX_LANGUAGE_STANDARD = "gnu++20";
				CLANG_ENABLE_MODULES = YES;
				CLANG_ENABLE_OBJC_ARC = YES;
				CLANG_ENABLE_OBJC_WEAK = YES;
				CLANG_WARN_BLOCK_CAPTURE_AUTORELEASING = YES;
				CLANG_WARN_BOOL_CONVERSION = YES;
				CLANG_WARN_COMMA = YES;
				CLANG_WARN_CONSTANT_CONVERSION = YES;
				CLANG_WARN_DEPRECATED_OBJC_IMPLEMENTATIONS = YES;
				CLANG_WARN_DIRECT_OBJC_ISA_USAGE = YES_ERROR;
				CLANG_WARN_DOCUMENTATION_COMMENTS = YES;
				CLANG_WARN_EMPTY_BODY = YES;
				CLANG_WARN_ENUM_CONVERSION = YES;
				CLANG_WARN_INFINITE_RECURSION = YES;
				CLANG_WARN_INT_CONVERSION = YES;
				CLANG_WARN_NON_LITERAL_NULL_CONVERSION = YES;
				CLANG_WARN_OBJC_IMPLICIT_RETAIN_SELF = YES;
				CLANG_WARN_OBJC_LITERAL_CONVERSION = YES;
				CLANG_WARN_OBJC_ROOT_CLASS = YES_ERROR;
				CLANG_WARN_QUOTED_INCLUDE_IN_FRAMEWORK_HEADER = YES;
				CLANG_WARN_RANGE_LOOP_ANALYSIS = YES;
				CLANG_WARN_STRICT_PROTOTYPES = YES;
				CLANG_WARN_SUSPICIOUS_MOVE = YES;
				CLANG_WARN_UNGUARDED_AVAILABILITY = YES_AGGRESSIVE;
				CLANG_WARN_UNREACHABLE_CODE = YES;
				CLANG_WARN__DUPLICATE_METHOD_MATCH = YES;
				COPY_PHASE_STRIP = NO;
				DEBUG_INFORMATION_FORMAT = dwarf;
				ENABLE_STRICT_OBJC_MSGSEND = YES;
				ENABLE_TESTABILITY = YES;
				GCC_C_LANGUAGE_STANDARD = gnu11;
				GCC_DYNAMIC_NO_PIC = NO;
				GCC_NO_COMMON_BLOCKS = YES;
				GCC_OPTIMIZATION_LEVEL = 0;
				GCC_PREPROCESSOR_DEFINITIONS = (
					"DEBUG=1",
					"$(inherited)",
				);
				GCC_WARN_64_TO_32_BIT_CONVERSION = YES;
				GCC_WARN_ABOUT_RETURN_TYPE = YES_ERROR;
				GCC_WARN_UNDECLARED_SELECTOR = YES;
				GCC_WARN_UNINITIALIZED_AUTOS = YES_AGGRESSIVE;
				GCC_WARN_UNUSED_FUNCTION = YES;
				GCC_WARN_UNUSED_VARIABLE = YES;
				IPHONEOS_DEPLOYMENT_TARGET = 16.1;
				MTL_ENABLE_DEBUG_INFO = INCLUDE_SOURCE;
				MTL_FAST_MATH = YES;
				ONLY_ACTIVE_ARCH = YES;
				SDKROOT = iphoneos;
				SWIFT_ACTIVE_COMPILATION_CONDITIONS = DEBUG;
				SWIFT_OPTIMIZATION_LEVEL = "-Onone";
			};
			name = Debug;
		};
		7EC154AC2965BEF3001290C2 /* Release */ = {
			isa = XCBuildConfiguration;
			buildSettings = {
				ALWAYS_SEARCH_USER_PATHS = NO;
				CLANG_ANALYZER_NONNULL = YES;
				CLANG_ANALYZER_NUMBER_OBJECT_CONVERSION = YES_AGGRESSIVE;
				CLANG_CXX_LANGUAGE_STANDARD = "gnu++20";
				CLANG_ENABLE_MODULES = YES;
				CLANG_ENABLE_OBJC_ARC = YES;
				CLANG_ENABLE_OBJC_WEAK = YES;
				CLANG_WARN_BLOCK_CAPTURE_AUTORELEASING = YES;
				CLANG_WARN_BOOL_CONVERSION = YES;
				CLANG_WARN_COMMA = YES;
				CLANG_WARN_CONSTANT_CONVERSION = YES;
				CLANG_WARN_DEPRECATED_OBJC_IMPLEMENTATIONS = YES;
				CLANG_WARN_DIRECT_OBJC_ISA_USAGE = YES_ERROR;
				CLANG_WARN_DOCUMENTATION_COMMENTS = YES;
				CLANG_WARN_EMPTY_BODY = YES;
				CLANG_WARN_ENUM_CONVERSION = YES;
				CLANG_WARN_INFINITE_RECURSION = YES;
				CLANG_WARN_INT_CONVERSION = YES;
				CLANG_WARN_NON_LITERAL_NULL_CONVERSION = YES;
				CLANG_WARN_OBJC_IMPLICIT_RETAIN_SELF = YES;
				CLANG_WARN_OBJC_LITERAL_CONVERSION = YES;
				CLANG_WARN_OBJC_ROOT_CLASS = YES_ERROR;
				CLANG_WARN_QUOTED_INCLUDE_IN_FRAMEWORK_HEADER = YES;
				CLANG_WARN_RANGE_LOOP_ANALYSIS = YES;
				CLANG_WARN_STRICT_PROTOTYPES = YES;
				CLANG_WARN_SUSPICIOUS_MOVE = YES;
				CLANG_WARN_UNGUARDED_AVAILABILITY = YES_AGGRESSIVE;
				CLANG_WARN_UNREACHABLE_CODE = YES;
				CLANG_WARN__DUPLICATE_METHOD_MATCH = YES;
				COPY_PHASE_STRIP = NO;
				DEBUG_INFORMATION_FORMAT = "dwarf-with-dsym";
				ENABLE_NS_ASSERTIONS = NO;
				ENABLE_STRICT_OBJC_MSGSEND = YES;
				GCC_C_LANGUAGE_STANDARD = gnu11;
				GCC_NO_COMMON_BLOCKS = YES;
				GCC_WARN_64_TO_32_BIT_CONVERSION = YES;
				GCC_WARN_ABOUT_RETURN_TYPE = YES_ERROR;
				GCC_WARN_UNDECLARED_SELECTOR = YES;
				GCC_WARN_UNINITIALIZED_AUTOS = YES_AGGRESSIVE;
				GCC_WARN_UNUSED_FUNCTION = YES;
				GCC_WARN_UNUSED_VARIABLE = YES;
				IPHONEOS_DEPLOYMENT_TARGET = 16.1;
				MTL_ENABLE_DEBUG_INFO = NO;
				MTL_FAST_MATH = YES;
				SDKROOT = iphoneos;
				SWIFT_COMPILATION_MODE = wholemodule;
				SWIFT_OPTIMIZATION_LEVEL = "-O";
				VALIDATE_PRODUCT = YES;
			};
			name = Release;
		};
		7EC154AE2965BEF3001290C2 /* Debug */ = {
			isa = XCBuildConfiguration;
			buildSettings = {
				ASSETCATALOG_COMPILER_APPICON_NAME = AppIcon;
				ASSETCATALOG_COMPILER_GLOBAL_ACCENT_COLOR_NAME = AccentColor;
				CODE_SIGN_STYLE = Automatic;
				CURRENT_PROJECT_VERSION = 1;
				DEVELOPMENT_TEAM = KUT97W5PSB;
				GENERATE_INFOPLIST_FILE = YES;
				INFOPLIST_FILE = ToDo/Info.plist;
				INFOPLIST_KEY_UIApplicationSupportsIndirectInputEvents = YES;
				INFOPLIST_KEY_UILaunchStoryboardName = LaunchScreen;
				INFOPLIST_KEY_UIMainStoryboardFile = Main;
				INFOPLIST_KEY_UISupportedInterfaceOrientations_iPad = "UIInterfaceOrientationPortrait UIInterfaceOrientationPortraitUpsideDown UIInterfaceOrientationLandscapeLeft UIInterfaceOrientationLandscapeRight";
				INFOPLIST_KEY_UISupportedInterfaceOrientations_iPhone = "UIInterfaceOrientationPortrait UIInterfaceOrientationLandscapeLeft UIInterfaceOrientationLandscapeRight";
				LD_RUNPATH_SEARCH_PATHS = (
					"$(inherited)",
					"@executable_path/Frameworks",
				);
				MARKETING_VERSION = 1.0;
				PRODUCT_BUNDLE_IDENTIFIER = OI.ToDo;
				PRODUCT_NAME = "$(TARGET_NAME)";
				SWIFT_EMIT_LOC_STRINGS = YES;
				SWIFT_VERSION = 5.0;
				TARGETED_DEVICE_FAMILY = "1,2";
			};
			name = Debug;
		};
		7EC154AF2965BEF3001290C2 /* Release */ = {
			isa = XCBuildConfiguration;
			buildSettings = {
				ASSETCATALOG_COMPILER_APPICON_NAME = AppIcon;
				ASSETCATALOG_COMPILER_GLOBAL_ACCENT_COLOR_NAME = AccentColor;
				CODE_SIGN_STYLE = Automatic;
				CURRENT_PROJECT_VERSION = 1;
				DEVELOPMENT_TEAM = KUT97W5PSB;
				GENERATE_INFOPLIST_FILE = YES;
				INFOPLIST_FILE = ToDo/Info.plist;
				INFOPLIST_KEY_UIApplicationSupportsIndirectInputEvents = YES;
				INFOPLIST_KEY_UILaunchStoryboardName = LaunchScreen;
				INFOPLIST_KEY_UIMainStoryboardFile = Main;
				INFOPLIST_KEY_UISupportedInterfaceOrientations_iPad = "UIInterfaceOrientationPortrait UIInterfaceOrientationPortraitUpsideDown UIInterfaceOrientationLandscapeLeft UIInterfaceOrientationLandscapeRight";
				INFOPLIST_KEY_UISupportedInterfaceOrientations_iPhone = "UIInterfaceOrientationPortrait UIInterfaceOrientationLandscapeLeft UIInterfaceOrientationLandscapeRight";
				LD_RUNPATH_SEARCH_PATHS = (
					"$(inherited)",
					"@executable_path/Frameworks",
				);
				MARKETING_VERSION = 1.0;
				PRODUCT_BUNDLE_IDENTIFIER = OI.ToDo;
				PRODUCT_NAME = "$(TARGET_NAME)";
				SWIFT_EMIT_LOC_STRINGS = YES;
				SWIFT_VERSION = 5.0;
				TARGETED_DEVICE_FAMILY = "1,2";
			};
			name = Release;
		};
/* End XCBuildConfiguration section */

/* Begin XCConfigurationList section */
		7EC154942965BEF2001290C2 /* Build configuration list for PBXProject "ToDo" */ = {
			isa = XCConfigurationList;
			buildConfigurations = (
				7EC154AB2965BEF3001290C2 /* Debug */,
				7EC154AC2965BEF3001290C2 /* Release */,
			);
			defaultConfigurationIsVisible = 0;
			defaultConfigurationName = Release;
		};
		7EC154AD2965BEF3001290C2 /* Build configuration list for PBXNativeTarget "ToDo" */ = {
			isa = XCConfigurationList;
			buildConfigurations = (
				7EC154AE2965BEF3001290C2 /* Debug */,
				7EC154AF2965BEF3001290C2 /* Release */,
			);
			defaultConfigurationIsVisible = 0;
			defaultConfigurationName = Release;
		};
/* End XCConfigurationList section */
	};
	rootObject = 7EC154912965BEF2001290C2 /* Project object */;
}
